
Microsoft Visual Studio Solution File, Format Version 12.00
# Visual Studio Version 16
VisualStudioVersion = 25.0.1706.7
MinimumVisualStudioVersion = 10.0.40219.1
Project("{2150E333-8FDC-42A3-9474-1A3956D46DE8}") = "Android", "Android", "{B4362557-A6DF-4FD4-AE4D-7E833D8219FB}"
EndProject
Project("{2150E333-8FDC-42A3-9474-1A3956D46DE8}") = "iOS", "iOS", "{EACAB90D-3A78-45F9-86D6-3D081056CD71}"
EndProject
Project("{2150E333-8FDC-42A3-9474-1A3956D46DE8}") = "MAUI", "MAUI", "{55AEC4BC-8040-42B5-B633-836B7A7AF4C3}"
EndProject
Project("{FAE04EC0-301F-11D3-BF4B-00C04F79EFBC}") = "BarcodeCaptureRejectSample", "android\BarcodeCaptureRejectSample\BarcodeCaptureRejectSample.csproj", "{0F661492-CFA3-4C58-89FB-AAC914549FC7}"
EndProject
Project("{FAE04EC0-301F-11D3-BF4B-00C04F79EFBC}") = "BarcodeCaptureSimpleSample", "android\BarcodeCaptureSimpleSample\BarcodeCaptureSimpleSample.csproj", "{0B385F61-F7A0-4BE0-8B1E-1FBD8046B32D}"
EndProject
Project("{FAE04EC0-301F-11D3-BF4B-00C04F79EFBC}") = "BarcodeCaptureViewsSample", "android\BarcodeCaptureViewsSample\BarcodeCaptureViewsSample.csproj", "{3C4B8026-63CE-453B-9A1E-A36FBD550DCC}"
EndProject
Project("{FAE04EC0-301F-11D3-BF4B-00C04F79EFBC}") = "BarcodeSelectionSimpleSample", "android\BarcodeSelectionSimpleSample\BarcodeSelectionSimpleSample.csproj", "{C5613B17-F157-4F99-98D2-D7418A1A6ECC}"
EndProject
Project("{FAE04EC0-301F-11D3-BF4B-00C04F79EFBC}") = "IdCaptureExtendedSample", "android\IdCaptureExtendedSample\IdCaptureExtendedSample.csproj", "{EE968DF3-7D1F-4475-B11B-36BF04D30824}"
EndProject
Project("{FAE04EC0-301F-11D3-BF4B-00C04F79EFBC}") = "IdCaptureSimpleSample", "android\IdCaptureSimpleSample\IdCaptureSimpleSample.csproj", "{12B5B683-7EE0-4553-9512-B0EFCA0FC711}"
EndProject
Project("{FAE04EC0-301F-11D3-BF4B-00C04F79EFBC}") = "ListBuildingSample", "android\ListBuildingSample\ListBuildingSample.csproj", "{7C461771-49FF-411F-B76B-9134506272DF}"
EndProject
Project("{FAE04EC0-301F-11D3-BF4B-00C04F79EFBC}") = "MatrixScanBubblesSample", "android\MatrixScanBubblesSample\MatrixScanBubblesSample.csproj", "{C88DF9C0-2143-4034-84E6-E6D5095D01B0}"
EndProject
Project("{FAE04EC0-301F-11D3-BF4B-00C04F79EFBC}") = "MatrixScanCountSimpleSample", "android\MatrixScanCountSimpleSample\MatrixScanCountSimpleSample.csproj", "{DE085302-42F3-46E5-AEC6-6C2F5DE084C5}"
EndProject
Project("{FAE04EC0-301F-11D3-BF4B-00C04F79EFBC}") = "MatrixScanRejectSample", "android\MatrixScanRejectSample\MatrixScanRejectSample.csproj", "{69A6FF87-A5AF-4099-8F40-A5934FE8E45D}"
EndProject
Project("{FAE04EC0-301F-11D3-BF4B-00C04F79EFBC}") = "MatrixScanSimpleSample", "android\MatrixScanSimpleSample\MatrixScanSimpleSample.csproj", "{756A0CF3-31BF-4042-974E-68441ED9CF13}"
EndProject
Project("{FAE04EC0-301F-11D3-BF4B-00C04F79EFBC}") = "SearchAndFindSample", "android\SearchAndFindSample\SearchAndFindSample.csproj", "{70DA445D-9405-423C-8939-1FBA449096B2}"
EndProject

Project("{FAE04EC0-301F-11D3-BF4B-00C04F79EFBC}") = "BarcodeCaptureRejectSample", "ios\BarcodeCaptureRejectSample\BarcodeCaptureRejectSample.csproj", "{A4BF00B4-F349-4428-8B8A-A9F8C9AD597C}"
EndProject
Project("{FAE04EC0-301F-11D3-BF4B-00C04F79EFBC}") = "BarcodeCaptureSimpleSample", "ios\BarcodeCaptureSimpleSample\BarcodeCaptureSimpleSample.csproj", "{869962D8-7AFB-4758-A434-ED14D2099021}"
EndProject
Project("{FAE04EC0-301F-11D3-BF4B-00C04F79EFBC}") = "BarcodeCaptureViewsSample", "ios\BarcodeCaptureViewsSample\BarcodeCaptureViewsSample.csproj", "{F0899766-3C72-4C93-B46A-9DC112BDD025}"
EndProject
Project("{FAE04EC0-301F-11D3-BF4B-00C04F79EFBC}") = "BarcodeSelectionSimpleSample", "ios\BarcodeSelectionSimpleSample\BarcodeSelectionSimpleSample.csproj", "{EDE98B01-BD69-4C21-8E39-C8CA9978579D}"
EndProject
Project("{FAE04EC0-301F-11D3-BF4B-00C04F79EFBC}") = "IdCaptureExtendedSample", "ios\IdCaptureExtendedSample\IdCaptureExtendedSample.csproj", "{B831CEE2-3A5C-4EA7-A084-BC8EB59AC86C}"
EndProject
Project("{FAE04EC0-301F-11D3-BF4B-00C04F79EFBC}") = "IdCaptureSimpleSample", "ios\IdCaptureSimpleSample\IdCaptureSimpleSample.csproj", "{B63A5C1A-0FDF-474D-A4C9-3023F04FC9CE}"
EndProject
Project("{FAE04EC0-301F-11D3-BF4B-00C04F79EFBC}") = "ListBuildingSample", "ios\ListBuildingSample\ListBuildingSample.csproj", "{69237E5E-D98F-4ECE-86A4-4C17E4AD876C}"
EndProject
Project("{FAE04EC0-301F-11D3-BF4B-00C04F79EFBC}") = "MatrixScanBubblesSample", "ios\MatrixScanBubblesSample\MatrixScanBubblesSample.csproj", "{88D4DE22-5F52-4338-BB65-3992DCCE029C}"
EndProject
Project("{FAE04EC0-301F-11D3-BF4B-00C04F79EFBC}") = "MatrixScanCountSimpleSample", "ios\MatrixScanCountSimpleSample\MatrixScanCountSimpleSample.csproj", "{B02DD655-8A1B-4AAF-91F3-5457AEF94D5A}"
EndProject
Project("{FAE04EC0-301F-11D3-BF4B-00C04F79EFBC}") = "MatrixScanRejectSample", "ios\MatrixScanRejectSample\MatrixScanRejectSample.csproj", "{24DD040B-EEE1-4CFC-A15B-A1FAC11F2E51}"
EndProject
Project("{FAE04EC0-301F-11D3-BF4B-00C04F79EFBC}") = "MatrixScanSimpleSample", "ios\MatrixScanSimpleSample\MatrixScanSimpleSample.csproj", "{DFF6D30F-E52E-42EE-AC45-F42C9B63B6C5}"
EndProject
Project("{FAE04EC0-301F-11D3-BF4B-00C04F79EFBC}") = "SearchAndFindSample", "ios\SearchAndFindSample\SearchAndFindSample.csproj", "{7D13C348-4E8E-4B73-9EE3-2F17EE880A04}"
EndProject
Project("{FAE04EC0-301F-11D3-BF4B-00C04F79EFBC}") = "BarcodeCaptureRejectSample", "maui\BarcodeCaptureRejectSample\BarcodeCaptureRejectSample.csproj", "{8720015C-A84D-424F-B4FF-68C8102A4221}"
EndProject
Project("{FAE04EC0-301F-11D3-BF4B-00C04F79EFBC}") = "BarcodeCaptureSimpleSample", "maui\BarcodeCaptureSimpleSample\BarcodeCaptureSimpleSample.csproj", "{D3952A72-3778-4912-A45D-A064A92A7A16}"
EndProject
Project("{FAE04EC0-301F-11D3-BF4B-00C04F79EFBC}") = "BarcodeCaptureViewsSample", "maui\BarcodeCaptureViewsSample\BarcodeCaptureViewsSample.csproj", "{9BBCBBFC-FDC2-443C-A6CA-50A30586B6F5}"
EndProject
Project("{FAE04EC0-301F-11D3-BF4B-00C04F79EFBC}") = "BarcodeSelectionSimpleSample", "maui\BarcodeSelectionSimpleSample\BarcodeSelectionSimpleSample.csproj", "{900C09FB-E984-486A-ACF5-CA0B0C0F8704}"
EndProject
Project("{FAE04EC0-301F-11D3-BF4B-00C04F79EFBC}") = "GS1ParserSample", "maui\GS1ParserSample\GS1ParserSample.csproj", "{DD59726A-3554-4CC6-AF8B-8825F9D533DA}"
EndProject
Project("{FAE04EC0-301F-11D3-BF4B-00C04F79EFBC}") = "IdCaptureExtendedSample", "maui\IdCaptureExtendedSample\IdCaptureExtendedSample.csproj", "{4520DBB6-1D26-434F-B638-E3A9A1302549}"
EndProject
Project("{FAE04EC0-301F-11D3-BF4B-00C04F79EFBC}") = "IdCaptureSimpleSample", "maui\IdCaptureSimpleSample\IdCaptureSimpleSample.csproj", "{089F768F-AE39-4959-8EA1-81CB955A3046}"
EndProject
Project("{FAE04EC0-301F-11D3-BF4B-00C04F79EFBC}") = "ListBuildingSample", "maui\ListBuildingSample\ListBuildingSample.csproj", "{C084E85A-852B-421C-ABAB-836D3883BA12}"
EndProject
Project("{FAE04EC0-301F-11D3-BF4B-00C04F79EFBC}") = "MatrixScanBubblesSample", "maui\MatrixScanBubblesSample\MatrixScanBubblesSample.csproj", "{CC749049-4D9F-4E20-8141-D0F99C29854B}"
EndProject
Project("{FAE04EC0-301F-11D3-BF4B-00C04F79EFBC}") = "MatrixScanCountSimpleSample", "maui\MatrixScanCountSimpleSample\MatrixScanCountSimpleSample.csproj", "{34EBB144-4264-4D62-8533-770EF5981A94}"
EndProject
Project("{FAE04EC0-301F-11D3-BF4B-00C04F79EFBC}") = "MatrixScanSimpleSample", "maui\MatrixScanSimpleSample\MatrixScanSimpleSample.csproj", "{F92363B8-0E2E-494B-BE8C-AE3E8CFB6D17}"
EndProject
Project("{FAE04EC0-301F-11D3-BF4B-00C04F79EFBC}") = "SearchAndFindSample", "maui\SearchAndFindSample\SearchAndFindSample.csproj", "{99E09A5F-5F42-4740-B3FD-449889C392C8}"
EndProject
Project("{FAE04EC0-301F-11D3-BF4B-00C04F79EFBC}") = "TextCaptureSample", "maui\TextCaptureSample\TextCaptureSample.csproj", "{A86876ED-C0AB-4494-8C25-5C65A4160D3D}"
EndProject
Project("{FAE04EC0-301F-11D3-BF4B-00C04F79EFBC}") = "USDLVerificationSample", "maui\USDLVerificationSample\USDLVerificationSample.csproj", "{BFE48B9F-CF6F-4DAE-A301-0A0DBFE5F261}"
EndProject

Global
	GlobalSection(SolutionConfigurationPlatforms) = preSolution
		Debug|Any CPU = Debug|Any CPU
		Release|Any CPU = Release|Any CPU
	EndGlobalSection
	GlobalSection(ProjectConfigurationPlatforms) = postSolution
		{0F661492-CFA3-4C58-89FB-AAC914549FC7}.Debug|Any CPU.ActiveCfg = Debug|Any CPU
		{0F661492-CFA3-4C58-89FB-AAC914549FC7}.Debug|Any CPU.Build.0 = Debug|Any CPU
		{0F661492-CFA3-4C58-89FB-AAC914549FC7}.Release|Any CPU.ActiveCfg = Release|Any CPU
		{0F661492-CFA3-4C58-89FB-AAC914549FC7}.Release|Any CPU.Build.0 = Release|Any CPU
		{0B385F61-F7A0-4BE0-8B1E-1FBD8046B32D}.Debug|Any CPU.ActiveCfg = Debug|Any CPU
		{0B385F61-F7A0-4BE0-8B1E-1FBD8046B32D}.Debug|Any CPU.Build.0 = Debug|Any CPU
		{0B385F61-F7A0-4BE0-8B1E-1FBD8046B32D}.Release|Any CPU.ActiveCfg = Release|Any CPU
		{0B385F61-F7A0-4BE0-8B1E-1FBD8046B32D}.Release|Any CPU.Build.0 = Release|Any CPU
		{3C4B8026-63CE-453B-9A1E-A36FBD550DCC}.Debug|Any CPU.ActiveCfg = Debug|Any CPU
		{3C4B8026-63CE-453B-9A1E-A36FBD550DCC}.Debug|Any CPU.Build.0 = Debug|Any CPU
		{3C4B8026-63CE-453B-9A1E-A36FBD550DCC}.Release|Any CPU.ActiveCfg = Release|Any CPU
		{3C4B8026-63CE-453B-9A1E-A36FBD550DCC}.Release|Any CPU.Build.0 = Release|Any CPU
		{C5613B17-F157-4F99-98D2-D7418A1A6ECC}.Debug|Any CPU.ActiveCfg = Debug|Any CPU
		{C5613B17-F157-4F99-98D2-D7418A1A6ECC}.Debug|Any CPU.Build.0 = Debug|Any CPU
		{C5613B17-F157-4F99-98D2-D7418A1A6ECC}.Release|Any CPU.ActiveCfg = Release|Any CPU
		{C5613B17-F157-4F99-98D2-D7418A1A6ECC}.Release|Any CPU.Build.0 = Release|Any CPU
		{EE968DF3-7D1F-4475-B11B-36BF04D30824}.Debug|Any CPU.ActiveCfg = Debug|Any CPU
		{EE968DF3-7D1F-4475-B11B-36BF04D30824}.Debug|Any CPU.Build.0 = Debug|Any CPU
		{EE968DF3-7D1F-4475-B11B-36BF04D30824}.Release|Any CPU.ActiveCfg = Release|Any CPU
		{EE968DF3-7D1F-4475-B11B-36BF04D30824}.Release|Any CPU.Build.0 = Release|Any CPU
		{12B5B683-7EE0-4553-9512-B0EFCA0FC711}.Debug|Any CPU.ActiveCfg = Debug|Any CPU
		{12B5B683-7EE0-4553-9512-B0EFCA0FC711}.Debug|Any CPU.Build.0 = Debug|Any CPU
		{12B5B683-7EE0-4553-9512-B0EFCA0FC711}.Release|Any CPU.ActiveCfg = Release|Any CPU
		{12B5B683-7EE0-4553-9512-B0EFCA0FC711}.Release|Any CPU.Build.0 = Release|Any CPU
		{7C461771-49FF-411F-B76B-9134506272DF}.Debug|Any CPU.ActiveCfg = Debug|Any CPU
		{7C461771-49FF-411F-B76B-9134506272DF}.Debug|Any CPU.Build.0 = Debug|Any CPU
		{7C461771-49FF-411F-B76B-9134506272DF}.Release|Any CPU.ActiveCfg = Release|Any CPU
		{7C461771-49FF-411F-B76B-9134506272DF}.Release|Any CPU.Build.0 = Release|Any CPU
		{C88DF9C0-2143-4034-84E6-E6D5095D01B0}.Debug|Any CPU.ActiveCfg = Debug|Any CPU
		{C88DF9C0-2143-4034-84E6-E6D5095D01B0}.Debug|Any CPU.Build.0 = Debug|Any CPU
		{C88DF9C0-2143-4034-84E6-E6D5095D01B0}.Release|Any CPU.ActiveCfg = Release|Any CPU
		{C88DF9C0-2143-4034-84E6-E6D5095D01B0}.Release|Any CPU.Build.0 = Release|Any CPU
		{DE085302-42F3-46E5-AEC6-6C2F5DE084C5}.Debug|Any CPU.ActiveCfg = Debug|Any CPU
		{DE085302-42F3-46E5-AEC6-6C2F5DE084C5}.Debug|Any CPU.Build.0 = Debug|Any CPU
		{DE085302-42F3-46E5-AEC6-6C2F5DE084C5}.Release|Any CPU.ActiveCfg = Release|Any CPU
		{DE085302-42F3-46E5-AEC6-6C2F5DE084C5}.Release|Any CPU.Build.0 = Release|Any CPU
		{69A6FF87-A5AF-4099-8F40-A5934FE8E45D}.Debug|Any CPU.ActiveCfg = Debug|Any CPU
		{69A6FF87-A5AF-4099-8F40-A5934FE8E45D}.Debug|Any CPU.Build.0 = Debug|Any CPU
		{69A6FF87-A5AF-4099-8F40-A5934FE8E45D}.Release|Any CPU.ActiveCfg = Release|Any CPU
		{69A6FF87-A5AF-4099-8F40-A5934FE8E45D}.Release|Any CPU.Build.0 = Release|Any CPU
		{756A0CF3-31BF-4042-974E-68441ED9CF13}.Debug|Any CPU.ActiveCfg = Debug|Any CPU
		{756A0CF3-31BF-4042-974E-68441ED9CF13}.Debug|Any CPU.Build.0 = Debug|Any CPU
		{756A0CF3-31BF-4042-974E-68441ED9CF13}.Release|Any CPU.ActiveCfg = Release|Any CPU
		{756A0CF3-31BF-4042-974E-68441ED9CF13}.Release|Any CPU.Build.0 = Release|Any CPU
		{70DA445D-9405-423C-8939-1FBA449096B2}.Debug|Any CPU.ActiveCfg = Debug|Any CPU
		{70DA445D-9405-423C-8939-1FBA449096B2}.Debug|Any CPU.Build.0 = Debug|Any CPU
		{70DA445D-9405-423C-8939-1FBA449096B2}.Release|Any CPU.ActiveCfg = Release|Any CPU
		{70DA445D-9405-423C-8939-1FBA449096B2}.Release|Any CPU.Build.0 = Release|Any CPU
		
		
		
		
		{A4BF00B4-F349-4428-8B8A-A9F8C9AD597C}.Debug|Any CPU.ActiveCfg = Debug|Any CPU
		{A4BF00B4-F349-4428-8B8A-A9F8C9AD597C}.Debug|Any CPU.Build.0 = Debug|Any CPU
		{A4BF00B4-F349-4428-8B8A-A9F8C9AD597C}.Release|Any CPU.ActiveCfg = Release|Any CPU
		{A4BF00B4-F349-4428-8B8A-A9F8C9AD597C}.Release|Any CPU.Build.0 = Release|Any CPU
		{869962D8-7AFB-4758-A434-ED14D2099021}.Debug|Any CPU.ActiveCfg = Debug|Any CPU
		{869962D8-7AFB-4758-A434-ED14D2099021}.Debug|Any CPU.Build.0 = Debug|Any CPU
		{869962D8-7AFB-4758-A434-ED14D2099021}.Release|Any CPU.ActiveCfg = Release|Any CPU
		{869962D8-7AFB-4758-A434-ED14D2099021}.Release|Any CPU.Build.0 = Release|Any CPU
		{F0899766-3C72-4C93-B46A-9DC112BDD025}.Debug|Any CPU.ActiveCfg = Debug|Any CPU
		{F0899766-3C72-4C93-B46A-9DC112BDD025}.Debug|Any CPU.Build.0 = Debug|Any CPU
		{F0899766-3C72-4C93-B46A-9DC112BDD025}.Release|Any CPU.ActiveCfg = Release|Any CPU
		{F0899766-3C72-4C93-B46A-9DC112BDD025}.Release|Any CPU.Build.0 = Release|Any CPU
		{EDE98B01-BD69-4C21-8E39-C8CA9978579D}.Debug|Any CPU.ActiveCfg = Debug|Any CPU
		{EDE98B01-BD69-4C21-8E39-C8CA9978579D}.Debug|Any CPU.Build.0 = Debug|Any CPU
		{EDE98B01-BD69-4C21-8E39-C8CA9978579D}.Release|Any CPU.ActiveCfg = Release|Any CPU
		{EDE98B01-BD69-4C21-8E39-C8CA9978579D}.Release|Any CPU.Build.0 = Release|Any CPU
		{B831CEE2-3A5C-4EA7-A084-BC8EB59AC86C}.Debug|Any CPU.ActiveCfg = Debug|Any CPU
		{B831CEE2-3A5C-4EA7-A084-BC8EB59AC86C}.Debug|Any CPU.Build.0 = Debug|Any CPU
		{B831CEE2-3A5C-4EA7-A084-BC8EB59AC86C}.Release|Any CPU.ActiveCfg = Release|Any CPU
		{B831CEE2-3A5C-4EA7-A084-BC8EB59AC86C}.Release|Any CPU.Build.0 = Release|Any CPU
		{B63A5C1A-0FDF-474D-A4C9-3023F04FC9CE}.Debug|Any CPU.ActiveCfg = Debug|Any CPU
		{B63A5C1A-0FDF-474D-A4C9-3023F04FC9CE}.Debug|Any CPU.Build.0 = Debug|Any CPU
		{B63A5C1A-0FDF-474D-A4C9-3023F04FC9CE}.Release|Any CPU.ActiveCfg = Release|Any CPU
		{B63A5C1A-0FDF-474D-A4C9-3023F04FC9CE}.Release|Any CPU.Build.0 = Release|Any CPU
		{69237E5E-D98F-4ECE-86A4-4C17E4AD876C}.Debug|Any CPU.ActiveCfg = Debug|Any CPU
		{69237E5E-D98F-4ECE-86A4-4C17E4AD876C}.Debug|Any CPU.Build.0 = Debug|Any CPU
		{69237E5E-D98F-4ECE-86A4-4C17E4AD876C}.Release|Any CPU.ActiveCfg = Release|Any CPU
		{69237E5E-D98F-4ECE-86A4-4C17E4AD876C}.Release|Any CPU.Build.0 = Release|Any CPU
		{88D4DE22-5F52-4338-BB65-3992DCCE029C}.Debug|Any CPU.ActiveCfg = Debug|Any CPU
		{88D4DE22-5F52-4338-BB65-3992DCCE029C}.Debug|Any CPU.Build.0 = Debug|Any CPU
		{88D4DE22-5F52-4338-BB65-3992DCCE029C}.Release|Any CPU.ActiveCfg = Release|Any CPU
		{88D4DE22-5F52-4338-BB65-3992DCCE029C}.Release|Any CPU.Build.0 = Release|Any CPU
		{B02DD655-8A1B-4AAF-91F3-5457AEF94D5A}.Debug|Any CPU.ActiveCfg = Debug|Any CPU
		{B02DD655-8A1B-4AAF-91F3-5457AEF94D5A}.Debug|Any CPU.Build.0 = Debug|Any CPU
		{B02DD655-8A1B-4AAF-91F3-5457AEF94D5A}.Release|Any CPU.ActiveCfg = Release|Any CPU
		{B02DD655-8A1B-4AAF-91F3-5457AEF94D5A}.Release|Any CPU.Build.0 = Release|Any CPU
		{24DD040B-EEE1-4CFC-A15B-A1FAC11F2E51}.Debug|Any CPU.ActiveCfg = Debug|Any CPU
		{24DD040B-EEE1-4CFC-A15B-A1FAC11F2E51}.Debug|Any CPU.Build.0 = Debug|Any CPU
		{24DD040B-EEE1-4CFC-A15B-A1FAC11F2E51}.Release|Any CPU.ActiveCfg = Release|Any CPU
		{24DD040B-EEE1-4CFC-A15B-A1FAC11F2E51}.Release|Any CPU.Build.0 = Release|Any CPU
		{DFF6D30F-E52E-42EE-AC45-F42C9B63B6C5}.Debug|Any CPU.ActiveCfg = Debug|Any CPU
		{DFF6D30F-E52E-42EE-AC45-F42C9B63B6C5}.Debug|Any CPU.Build.0 = Debug|Any CPU
		{DFF6D30F-E52E-42EE-AC45-F42C9B63B6C5}.Release|Any CPU.ActiveCfg = Release|Any CPU
		{DFF6D30F-E52E-42EE-AC45-F42C9B63B6C5}.Release|Any CPU.Build.0 = Release|Any CPU
		{7D13C348-4E8E-4B73-9EE3-2F17EE880A04}.Debug|Any CPU.ActiveCfg = Debug|Any CPU
		{7D13C348-4E8E-4B73-9EE3-2F17EE880A04}.Debug|Any CPU.Build.0 = Debug|Any CPU
		{7D13C348-4E8E-4B73-9EE3-2F17EE880A04}.Release|Any CPU.ActiveCfg = Release|Any CPU
		{7D13C348-4E8E-4B73-9EE3-2F17EE880A04}.Release|Any CPU.Build.0 = Release|Any CPU
		{8720015C-A84D-424F-B4FF-68C8102A4221}.Debug|Any CPU.ActiveCfg = Debug|Any CPU
		{8720015C-A84D-424F-B4FF-68C8102A4221}.Debug|Any CPU.Build.0 = Debug|Any CPU
		{8720015C-A84D-424F-B4FF-68C8102A4221}.Release|Any CPU.ActiveCfg = Release|Any CPU
		{8720015C-A84D-424F-B4FF-68C8102A4221}.Release|Any CPU.Build.0 = Release|Any CPU
		{D3952A72-3778-4912-A45D-A064A92A7A16}.Debug|Any CPU.ActiveCfg = Debug|Any CPU
		{D3952A72-3778-4912-A45D-A064A92A7A16}.Debug|Any CPU.Build.0 = Debug|Any CPU
		{D3952A72-3778-4912-A45D-A064A92A7A16}.Release|Any CPU.ActiveCfg = Release|Any CPU
		{D3952A72-3778-4912-A45D-A064A92A7A16}.Release|Any CPU.Build.0 = Release|Any CPU
		{9BBCBBFC-FDC2-443C-A6CA-50A30586B6F5}.Debug|Any CPU.ActiveCfg = Debug|Any CPU
		{9BBCBBFC-FDC2-443C-A6CA-50A30586B6F5}.Debug|Any CPU.Build.0 = Debug|Any CPU
		{9BBCBBFC-FDC2-443C-A6CA-50A30586B6F5}.Release|Any CPU.ActiveCfg = Release|Any CPU
		{9BBCBBFC-FDC2-443C-A6CA-50A30586B6F5}.Release|Any CPU.Build.0 = Release|Any CPU
		{900C09FB-E984-486A-ACF5-CA0B0C0F8704}.Debug|Any CPU.ActiveCfg = Debug|Any CPU
		{900C09FB-E984-486A-ACF5-CA0B0C0F8704}.Debug|Any CPU.Build.0 = Debug|Any CPU
		{900C09FB-E984-486A-ACF5-CA0B0C0F8704}.Release|Any CPU.ActiveCfg = Release|Any CPU
		{900C09FB-E984-486A-ACF5-CA0B0C0F8704}.Release|Any CPU.Build.0 = Release|Any CPU
		{DD59726A-3554-4CC6-AF8B-8825F9D533DA}.Debug|Any CPU.ActiveCfg = Debug|Any CPU
		{DD59726A-3554-4CC6-AF8B-8825F9D533DA}.Debug|Any CPU.Build.0 = Debug|Any CPU
		{DD59726A-3554-4CC6-AF8B-8825F9D533DA}.Release|Any CPU.ActiveCfg = Release|Any CPU
		{DD59726A-3554-4CC6-AF8B-8825F9D533DA}.Release|Any CPU.Build.0 = Release|Any CPU
		{4520DBB6-1D26-434F-B638-E3A9A1302549}.Debug|Any CPU.ActiveCfg = Debug|Any CPU
		{4520DBB6-1D26-434F-B638-E3A9A1302549}.Debug|Any CPU.Build.0 = Debug|Any CPU
		{4520DBB6-1D26-434F-B638-E3A9A1302549}.Release|Any CPU.ActiveCfg = Release|Any CPU
		{4520DBB6-1D26-434F-B638-E3A9A1302549}.Release|Any CPU.Build.0 = Release|Any CPU
		{089F768F-AE39-4959-8EA1-81CB955A3046}.Debug|Any CPU.ActiveCfg = Debug|Any CPU
		{089F768F-AE39-4959-8EA1-81CB955A3046}.Debug|Any CPU.Build.0 = Debug|Any CPU
		{089F768F-AE39-4959-8EA1-81CB955A3046}.Release|Any CPU.ActiveCfg = Release|Any CPU
		{089F768F-AE39-4959-8EA1-81CB955A3046}.Release|Any CPU.Build.0 = Release|Any CPU
		{C084E85A-852B-421C-ABAB-836D3883BA12}.Debug|Any CPU.ActiveCfg = Debug|Any CPU
		{C084E85A-852B-421C-ABAB-836D3883BA12}.Debug|Any CPU.Build.0 = Debug|Any CPU
		{C084E85A-852B-421C-ABAB-836D3883BA12}.Release|Any CPU.ActiveCfg = Release|Any CPU
		{C084E85A-852B-421C-ABAB-836D3883BA12}.Release|Any CPU.Build.0 = Release|Any CPU
		{CC749049-4D9F-4E20-8141-D0F99C29854B}.Debug|Any CPU.ActiveCfg = Debug|Any CPU
		{CC749049-4D9F-4E20-8141-D0F99C29854B}.Debug|Any CPU.Build.0 = Debug|Any CPU
		{CC749049-4D9F-4E20-8141-D0F99C29854B}.Release|Any CPU.ActiveCfg = Release|Any CPU
		{CC749049-4D9F-4E20-8141-D0F99C29854B}.Release|Any CPU.Build.0 = Release|Any CPU
		{34EBB144-4264-4D62-8533-770EF5981A94}.Debug|Any CPU.ActiveCfg = Debug|Any CPU
		{34EBB144-4264-4D62-8533-770EF5981A94}.Debug|Any CPU.Build.0 = Debug|Any CPU
		{34EBB144-4264-4D62-8533-770EF5981A94}.Release|Any CPU.ActiveCfg = Release|Any CPU
		{34EBB144-4264-4D62-8533-770EF5981A94}.Release|Any CPU.Build.0 = Release|Any CPU
		{F92363B8-0E2E-494B-BE8C-AE3E8CFB6D17}.Debug|Any CPU.ActiveCfg = Debug|Any CPU
		{F92363B8-0E2E-494B-BE8C-AE3E8CFB6D17}.Debug|Any CPU.Build.0 = Debug|Any CPU
		{F92363B8-0E2E-494B-BE8C-AE3E8CFB6D17}.Release|Any CPU.ActiveCfg = Release|Any CPU
		{F92363B8-0E2E-494B-BE8C-AE3E8CFB6D17}.Release|Any CPU.Build.0 = Release|Any CPU
		{99E09A5F-5F42-4740-B3FD-449889C392C8}.Debug|Any CPU.ActiveCfg = Debug|Any CPU
		{99E09A5F-5F42-4740-B3FD-449889C392C8}.Debug|Any CPU.Build.0 = Debug|Any CPU
		{99E09A5F-5F42-4740-B3FD-449889C392C8}.Release|Any CPU.ActiveCfg = Release|Any CPU
		{99E09A5F-5F42-4740-B3FD-449889C392C8}.Release|Any CPU.Build.0 = Release|Any CPU
		{A86876ED-C0AB-4494-8C25-5C65A4160D3D}.Debug|Any CPU.ActiveCfg = Debug|Any CPU
		{A86876ED-C0AB-4494-8C25-5C65A4160D3D}.Debug|Any CPU.Build.0 = Debug|Any CPU
		{A86876ED-C0AB-4494-8C25-5C65A4160D3D}.Release|Any CPU.ActiveCfg = Release|Any CPU
		{A86876ED-C0AB-4494-8C25-5C65A4160D3D}.Release|Any CPU.Build.0 = Release|Any CPU
		{BFE48B9F-CF6F-4DAE-A301-0A0DBFE5F261}.Debug|Any CPU.ActiveCfg = Debug|Any CPU
		{BFE48B9F-CF6F-4DAE-A301-0A0DBFE5F261}.Debug|Any CPU.Build.0 = Debug|Any CPU
		{BFE48B9F-CF6F-4DAE-A301-0A0DBFE5F261}.Release|Any CPU.ActiveCfg = Release|Any CPU
		{BFE48B9F-CF6F-4DAE-A301-0A0DBFE5F261}.Release|Any CPU.Build.0 = Release|Any CPU
		
		
		
		
	EndGlobalSection
	GlobalSection(SolutionProperties) = preSolution
		HideSolutionNode = FALSE
	EndGlobalSection
	GlobalSection(NestedProjects) = preSolution
		{0F661492-CFA3-4C58-89FB-AAC914549FC7} = {B4362557-A6DF-4FD4-AE4D-7E833D8219FB}
		{0B385F61-F7A0-4BE0-8B1E-1FBD8046B32D} = {B4362557-A6DF-4FD4-AE4D-7E833D8219FB}
		{3C4B8026-63CE-453B-9A1E-A36FBD550DCC} = {B4362557-A6DF-4FD4-AE4D-7E833D8219FB}
		{C5613B17-F157-4F99-98D2-D7418A1A6ECC} = {B4362557-A6DF-4FD4-AE4D-7E833D8219FB}
		{EE968DF3-7D1F-4475-B11B-36BF04D30824} = {B4362557-A6DF-4FD4-AE4D-7E833D8219FB}
		{12B5B683-7EE0-4553-9512-B0EFCA0FC711} = {B4362557-A6DF-4FD4-AE4D-7E833D8219FB}
		{7C461771-49FF-411F-B76B-9134506272DF} = {B4362557-A6DF-4FD4-AE4D-7E833D8219FB}
		{C88DF9C0-2143-4034-84E6-E6D5095D01B0} = {B4362557-A6DF-4FD4-AE4D-7E833D8219FB}
		{DE085302-42F3-46E5-AEC6-6C2F5DE084C5} = {B4362557-A6DF-4FD4-AE4D-7E833D8219FB}
		{69A6FF87-A5AF-4099-8F40-A5934FE8E45D} = {B4362557-A6DF-4FD4-AE4D-7E833D8219FB}
		{756A0CF3-31BF-4042-974E-68441ED9CF13} = {B4362557-A6DF-4FD4-AE4D-7E833D8219FB}
		{70DA445D-9405-423C-8939-1FBA449096B2} = {B4362557-A6DF-4FD4-AE4D-7E833D8219FB}
		
		{A4BF00B4-F349-4428-8B8A-A9F8C9AD597C} = {EACAB90D-3A78-45F9-86D6-3D081056CD71}
		{869962D8-7AFB-4758-A434-ED14D2099021} = {EACAB90D-3A78-45F9-86D6-3D081056CD71}
		{F0899766-3C72-4C93-B46A-9DC112BDD025} = {EACAB90D-3A78-45F9-86D6-3D081056CD71}
		{EDE98B01-BD69-4C21-8E39-C8CA9978579D} = {EACAB90D-3A78-45F9-86D6-3D081056CD71}
		{B831CEE2-3A5C-4EA7-A084-BC8EB59AC86C} = {EACAB90D-3A78-45F9-86D6-3D081056CD71}
		{B63A5C1A-0FDF-474D-A4C9-3023F04FC9CE} = {EACAB90D-3A78-45F9-86D6-3D081056CD71}
		{69237E5E-D98F-4ECE-86A4-4C17E4AD876C} = {EACAB90D-3A78-45F9-86D6-3D081056CD71}
		{88D4DE22-5F52-4338-BB65-3992DCCE029C} = {EACAB90D-3A78-45F9-86D6-3D081056CD71}
		{B02DD655-8A1B-4AAF-91F3-5457AEF94D5A} = {EACAB90D-3A78-45F9-86D6-3D081056CD71}
		{24DD040B-EEE1-4CFC-A15B-A1FAC11F2E51} = {EACAB90D-3A78-45F9-86D6-3D081056CD71}
		{DFF6D30F-E52E-42EE-AC45-F42C9B63B6C5} = {EACAB90D-3A78-45F9-86D6-3D081056CD71}
		{7D13C348-4E8E-4B73-9EE3-2F17EE880A04} = {EACAB90D-3A78-45F9-86D6-3D081056CD71}
		{8720015C-A84D-424F-B4FF-68C8102A4221} = {55AEC4BC-8040-42B5-B633-836B7A7AF4C3}
		{D3952A72-3778-4912-A45D-A064A92A7A16} = {55AEC4BC-8040-42B5-B633-836B7A7AF4C3}
		{9BBCBBFC-FDC2-443C-A6CA-50A30586B6F5} = {55AEC4BC-8040-42B5-B633-836B7A7AF4C3}
		{900C09FB-E984-486A-ACF5-CA0B0C0F8704} = {55AEC4BC-8040-42B5-B633-836B7A7AF4C3}
		{DD59726A-3554-4CC6-AF8B-8825F9D533DA} = {55AEC4BC-8040-42B5-B633-836B7A7AF4C3}
		{4520DBB6-1D26-434F-B638-E3A9A1302549} = {55AEC4BC-8040-42B5-B633-836B7A7AF4C3}
		{089F768F-AE39-4959-8EA1-81CB955A3046} = {55AEC4BC-8040-42B5-B633-836B7A7AF4C3}
		{C084E85A-852B-421C-ABAB-836D3883BA12} = {55AEC4BC-8040-42B5-B633-836B7A7AF4C3}
		{CC749049-4D9F-4E20-8141-D0F99C29854B} = {55AEC4BC-8040-42B5-B633-836B7A7AF4C3}
		{34EBB144-4264-4D62-8533-770EF5981A94} = {55AEC4BC-8040-42B5-B633-836B7A7AF4C3}
		{F92363B8-0E2E-494B-BE8C-AE3E8CFB6D17} = {55AEC4BC-8040-42B5-B633-836B7A7AF4C3}
		{99E09A5F-5F42-4740-B3FD-449889C392C8} = {55AEC4BC-8040-42B5-B633-836B7A7AF4C3}
		{A86876ED-C0AB-4494-8C25-5C65A4160D3D} = {55AEC4BC-8040-42B5-B633-836B7A7AF4C3}
		{BFE48B9F-CF6F-4DAE-A301-0A0DBFE5F261} = {55AEC4BC-8040-42B5-B633-836B7A7AF4C3}
		
	EndGlobalSection
	GlobalSection(ExtensibilityGlobals) = postSolution
		SolutionGuid = {8210E346-571A-4093-B84D-F86DAC98612F}
	EndGlobalSection
EndGlobal
