
Microsoft Visual Studio Solution File, Format Version 12.00
# Visual Studio Version 16
VisualStudioVersion = 25.0.1704.0
MinimumVisualStudioVersion = 10.0.40219.1
Project("{2150E333-8FDC-42A3-9474-1A3956D46DE8}") = "ios", "ios", "{DB79462D-AEF6-48D6-8788-17DA43AAD91C}"
EndProject
Project("{FAE04EC0-301F-11D3-BF4B-00C04F79EFBC}") = "BarcodeCaptureRejectSample", "ios\BarcodeCaptureRejectSample\BarcodeCaptureRejectSample.csproj", "{DA72071A-BA1E-4C6A-A825-3D8EE7EC00D8}"
EndProject
Project("{FAE04EC0-301F-11D3-BF4B-00C04F79EFBC}") = "BarcodeCaptureSimpleSample", "ios\BarcodeCaptureSimpleSample\BarcodeCaptureSimpleSample.csproj", "{D5F331F7-F22F-46C1-95D4-5B124898E72A}"
EndProject
Project("{FAE04EC0-301F-11D3-BF4B-00C04F79EFBC}") = "BarcodeCaptureViewsSample", "ios\BarcodeCaptureViewsSample\BarcodeCaptureViewsSample.csproj", "{F8C48722-A6B2-45B5-8A74-7E9227173BAB}"
EndProject
Project("{FAE04EC0-301F-11D3-BF4B-00C04F79EFBC}") = "BarcodeSelectionSimpleSample", "ios\BarcodeSelectionSimpleSample\BarcodeSelectionSimpleSample.csproj", "{79BA7C2D-0F8F-44E4-9D38-844CF03FAF7B}"
EndProject
Project("{FAE04EC0-301F-11D3-BF4B-00C04F79EFBC}") = "IdCaptureExtendedSample", "ios\IdCaptureExtendedSample\IdCaptureExtendedSample.csproj", "{02AF35A4-2B24-4B66-8226-FB088E9B62FA}"
EndProject
Project("{FAE04EC0-301F-11D3-BF4B-00C04F79EFBC}") = "IdCaptureSimpleSample", "ios\IdCaptureSimpleSample\IdCaptureSimpleSample.csproj", "{4D1C73BC-412C-49C1-A1FD-C4901B30B412}"
EndProject
Project("{FAE04EC0-301F-11D3-BF4B-00C04F79EFBC}") = "MatrixScanBubblesSample", "ios\MatrixScanBubblesSample\MatrixScanBubblesSample.csproj", "{73BDD750-59B5-4A50-BCA9-2126829AF6E5}"
EndProject
Project("{FAE04EC0-301F-11D3-BF4B-00C04F79EFBC}") = "MatrixScanRejectSample", "ios\MatrixScanRejectSample\MatrixScanRejectSample.csproj", "{B502D45F-8E86-414D-B23A-343661C4BD0A}"
EndProject
Project("{FAE04EC0-301F-11D3-BF4B-00C04F79EFBC}") = "MatrixScanSimpleSample", "ios\MatrixScanSimpleSample\MatrixScanSimpleSample.csproj", "{04B8EE9F-7305-4632-965E-3C89CB218980}"
EndProject
Project("{2150E333-8FDC-42A3-9474-1A3956D46DE8}") = "android", "android", "{C4B55220-4DE9-4983-8CDE-521A747A3369}"
EndProject
Project("{FAE04EC0-301F-11D3-BF4B-00C04F79EFBC}") = "BarcodeCaptureRejectSample", "android\BarcodeCaptureRejectSample\BarcodeCaptureRejectSample.csproj", "{E21EBF64-3F52-4B84-93DD-81D5A72F6648}"
EndProject
Project("{FAE04EC0-301F-11D3-BF4B-00C04F79EFBC}") = "BarcodeCaptureSimpleSample", "android\BarcodeCaptureSimpleSample\BarcodeCaptureSimpleSample.csproj", "{9537B2A8-2ADC-4F94-BDB4-1A46AD501D3B}"
EndProject
Project("{FAE04EC0-301F-11D3-BF4B-00C04F79EFBC}") = "MatrixScanRejectSample", "android\MatrixScanRejectSample\MatrixScanRejectSample.csproj", "{4A4BBD5E-B977-499A-AA30-2F7C6FB6DDED}"
EndProject
Project("{FAE04EC0-301F-11D3-BF4B-00C04F79EFBC}") = "BarcodeCaptureViewsSample", "android\BarcodeCaptureViewsSample\BarcodeCaptureViewsSample.csproj", "{3DB416A2-3AEE-4982-A6D8-F7291523ED2A}"
EndProject
Project("{FAE04EC0-301F-11D3-BF4B-00C04F79EFBC}") = "BarcodeSelectionSimpleSample", "android\BarcodeSelectionSimpleSample\BarcodeSelectionSimpleSample.csproj", "{8FE3DF7D-3045-4030-B07C-A3D3E6C3EABA}"
EndProject
Project("{FAE04EC0-301F-11D3-BF4B-00C04F79EFBC}") = "IdCaptureExtendedSample", "android\IdCaptureExtendedSample\IdCaptureExtendedSample.csproj", "{D736BAA2-C288-4D99-A681-683EE5BA87F9}"
EndProject
Project("{FAE04EC0-301F-11D3-BF4B-00C04F79EFBC}") = "IdCaptureSimpleSample", "android\IdCaptureSimpleSample\IdCaptureSimpleSample.csproj", "{88A3034C-B900-4A40-84A4-9C6430EF7CFD}"
EndProject
Project("{FAE04EC0-301F-11D3-BF4B-00C04F79EFBC}") = "MatrixScanBubblesSample", "android\MatrixScanBubblesSample\MatrixScanBubblesSample.csproj", "{56D7D6FE-FEA2-4824-9CEB-7FBA18E854DE}"
EndProject
Project("{FAE04EC0-301F-11D3-BF4B-00C04F79EFBC}") = "MatrixScanSimpleSample", "android\MatrixScanSimpleSample\MatrixScanSimpleSample.csproj", "{D3AEBC86-0165-48A8-9B3B-EDA00114F386}"
EndProject

Project("{2150E333-8FDC-42A3-9474-1A3956D46DE8}") = "maui", "maui", "{2A2B2422-5636-4E84-8B73-B65745B4BAA7}"
EndProject
Project("{FAE04EC0-301F-11D3-BF4B-00C04F79EFBC}") = "BarcodeCaptureSimpleSample", "maui\BarcodeCaptureSimpleSample\BarcodeCaptureSimpleSample.csproj", "{D5A9A353-09FD-4D40-BC1D-2FB5D306B67D}"
EndProject
Project("{FAE04EC0-301F-11D3-BF4B-00C04F79EFBC}") = "BarcodeCaptureViewsSample", "maui\BarcodeCaptureViewsSample\BarcodeCaptureViewsSample.csproj", "{9D6DD944-727A-4390-AB77-4750EEFC260D}"
EndProject
Project("{FAE04EC0-301F-11D3-BF4B-00C04F79EFBC}") = "BarcodeSelectionSimpleSample", "maui\BarcodeSelectionSimpleSample\BarcodeSelectionSimpleSample.csproj", "{1452D330-4DE9-4455-9DB5-0F2D03E3E660}"
EndProject
Project("{FAE04EC0-301F-11D3-BF4B-00C04F79EFBC}") = "GS1ParserSample", "maui\GS1ParserSample\GS1ParserSample.csproj", "{EED4D885-8F4E-4775-A9C2-E5424BA8B3DB}"
EndProject
Project("{FAE04EC0-301F-11D3-BF4B-00C04F79EFBC}") = "IdCaptureExtendedSample", "maui\IdCaptureExtendedSample\IdCaptureExtendedSample.csproj", "{FA032692-9F5A-4D95-B79D-AF4D218938A2}"
EndProject
Project("{FAE04EC0-301F-11D3-BF4B-00C04F79EFBC}") = "IdCaptureSimpleSample", "maui\IdCaptureSimpleSample\IdCaptureSimpleSample.csproj", "{E122741D-7947-45E3-B8C0-831CD845AB34}"
EndProject
Project("{FAE04EC0-301F-11D3-BF4B-00C04F79EFBC}") = "MatrixScanSimpleSample", "maui\MatrixScanSimpleSample\MatrixScanSimpleSample.csproj", "{0823C00C-39CA-4E83-AC30-DAA47916D1F7}"
EndProject
Project("{FAE04EC0-301F-11D3-BF4B-00C04F79EFBC}") = "MatrixScanBubblesSample", "maui\MatrixScanBubblesSample\MatrixScanBubblesSample.csproj", "{8DCB595E-4B26-4994-BEB8-6201B1AF5A1F}"
EndProject
Project("{FAE04EC0-301F-11D3-BF4B-00C04F79EFBC}") = "TextCaptureSample", "maui\TextCaptureSample\TextCaptureSample.csproj", "{C4F52559-5E59-441D-8B88-948256D5F751}"
EndProject
Project("{FAE04EC0-301F-11D3-BF4B-00C04F79EFBC}") = "USDLVerificationSample", "maui\USDLVerificationSample\USDLVerificationSample.csproj", "{6D7D048F-B528-4F01-925F-D4B91BC51199}"
EndProject
Project("{FAE04EC0-301F-11D3-BF4B-00C04F79EFBC}") = "BarcodeCaptureRejectSample", "maui\BarcodeCaptureRejectSample\BarcodeCaptureRejectSample.csproj", "{A61A316B-C6D6-429F-A70E-9830E15342B3}"
EndProject
Project("{FAE04EC0-301F-11D3-BF4B-00C04F79EFBC}") = "MatrixScanCountSimpleSample", "ios\MatrixScanCountSimpleSample\MatrixScanCountSimpleSample.csproj", "{F3F78EEB-50D4-4DFF-8BBE-D83645D9A9C0}"
EndProject
Project("{FAE04EC0-301F-11D3-BF4B-00C04F79EFBC}") = "MatrixScanCountSimpleSample", "android\MatrixScanCountSimpleSample\MatrixScanCountSimpleSample.csproj", "{960D5D26-B410-428E-843E-306628BB39A1}"
EndProject
Project("{FAE04EC0-301F-11D3-BF4B-00C04F79EFBC}") = "MatrixScanCountSimpleSample", "maui\MatrixScanCountSimpleSample\MatrixScanCountSimpleSample.csproj", "{49061101-1AF0-4E76-AEC3-94B036EDE8D1}"
EndProject
Project("{FAE04EC0-301F-11D3-BF4B-00C04F79EFBC}") = "SearchAndFindSample", "android\SearchAndFindSample\SearchAndFindSample.csproj", "{7B1424A6-C316-4EAD-B9EF-3178D534E43D}"
EndProject
Global
	GlobalSection(SolutionConfigurationPlatforms) = preSolution
		Debug|Any CPU = Debug|Any CPU
		Release|Any CPU = Release|Any CPU
	EndGlobalSection
	GlobalSection(ProjectConfigurationPlatforms) = postSolution
		{DA72071A-BA1E-4C6A-A825-3D8EE7EC00D8}.Debug|Any CPU.ActiveCfg = Debug|Any CPU
		{DA72071A-BA1E-4C6A-A825-3D8EE7EC00D8}.Debug|Any CPU.Build.0 = Debug|Any CPU
		{DA72071A-BA1E-4C6A-A825-3D8EE7EC00D8}.Release|Any CPU.ActiveCfg = Release|Any CPU
		{DA72071A-BA1E-4C6A-A825-3D8EE7EC00D8}.Release|Any CPU.Build.0 = Release|Any CPU
		{D5F331F7-F22F-46C1-95D4-5B124898E72A}.Debug|Any CPU.ActiveCfg = Debug|Any CPU
		{D5F331F7-F22F-46C1-95D4-5B124898E72A}.Debug|Any CPU.Build.0 = Debug|Any CPU
		{D5F331F7-F22F-46C1-95D4-5B124898E72A}.Release|Any CPU.ActiveCfg = Release|Any CPU
		{D5F331F7-F22F-46C1-95D4-5B124898E72A}.Release|Any CPU.Build.0 = Release|Any CPU
		{F8C48722-A6B2-45B5-8A74-7E9227173BAB}.Debug|Any CPU.ActiveCfg = Debug|Any CPU
		{F8C48722-A6B2-45B5-8A74-7E9227173BAB}.Debug|Any CPU.Build.0 = Debug|Any CPU
		{F8C48722-A6B2-45B5-8A74-7E9227173BAB}.Release|Any CPU.ActiveCfg = Release|Any CPU
		{F8C48722-A6B2-45B5-8A74-7E9227173BAB}.Release|Any CPU.Build.0 = Release|Any CPU
		{79BA7C2D-0F8F-44E4-9D38-844CF03FAF7B}.Debug|Any CPU.ActiveCfg = Debug|Any CPU
		{79BA7C2D-0F8F-44E4-9D38-844CF03FAF7B}.Debug|Any CPU.Build.0 = Debug|Any CPU
		{79BA7C2D-0F8F-44E4-9D38-844CF03FAF7B}.Release|Any CPU.ActiveCfg = Release|Any CPU
		{79BA7C2D-0F8F-44E4-9D38-844CF03FAF7B}.Release|Any CPU.Build.0 = Release|Any CPU
		{02AF35A4-2B24-4B66-8226-FB088E9B62FA}.Debug|Any CPU.ActiveCfg = Debug|Any CPU
		{02AF35A4-2B24-4B66-8226-FB088E9B62FA}.Debug|Any CPU.Build.0 = Debug|Any CPU
		{02AF35A4-2B24-4B66-8226-FB088E9B62FA}.Release|Any CPU.ActiveCfg = Release|Any CPU
		{02AF35A4-2B24-4B66-8226-FB088E9B62FA}.Release|Any CPU.Build.0 = Release|Any CPU
		{4D1C73BC-412C-49C1-A1FD-C4901B30B412}.Debug|Any CPU.ActiveCfg = Debug|Any CPU
		{4D1C73BC-412C-49C1-A1FD-C4901B30B412}.Debug|Any CPU.Build.0 = Debug|Any CPU
		{4D1C73BC-412C-49C1-A1FD-C4901B30B412}.Release|Any CPU.ActiveCfg = Release|Any CPU
		{4D1C73BC-412C-49C1-A1FD-C4901B30B412}.Release|Any CPU.Build.0 = Release|Any CPU
		{73BDD750-59B5-4A50-BCA9-2126829AF6E5}.Debug|Any CPU.ActiveCfg = Debug|Any CPU
		{73BDD750-59B5-4A50-BCA9-2126829AF6E5}.Debug|Any CPU.Build.0 = Debug|Any CPU
		{73BDD750-59B5-4A50-BCA9-2126829AF6E5}.Release|Any CPU.ActiveCfg = Release|Any CPU
		{73BDD750-59B5-4A50-BCA9-2126829AF6E5}.Release|Any CPU.Build.0 = Release|Any CPU
		{B502D45F-8E86-414D-B23A-343661C4BD0A}.Debug|Any CPU.ActiveCfg = Debug|Any CPU
		{B502D45F-8E86-414D-B23A-343661C4BD0A}.Debug|Any CPU.Build.0 = Debug|Any CPU
		{B502D45F-8E86-414D-B23A-343661C4BD0A}.Release|Any CPU.ActiveCfg = Release|Any CPU
		{B502D45F-8E86-414D-B23A-343661C4BD0A}.Release|Any CPU.Build.0 = Release|Any CPU
		{04B8EE9F-7305-4632-965E-3C89CB218980}.Debug|Any CPU.ActiveCfg = Debug|Any CPU
		{04B8EE9F-7305-4632-965E-3C89CB218980}.Debug|Any CPU.Build.0 = Debug|Any CPU
		{04B8EE9F-7305-4632-965E-3C89CB218980}.Release|Any CPU.ActiveCfg = Release|Any CPU
		{04B8EE9F-7305-4632-965E-3C89CB218980}.Release|Any CPU.Build.0 = Release|Any CPU
		{E21EBF64-3F52-4B84-93DD-81D5A72F6648}.Debug|Any CPU.ActiveCfg = Debug|Any CPU
		{E21EBF64-3F52-4B84-93DD-81D5A72F6648}.Debug|Any CPU.Build.0 = Debug|Any CPU
		{E21EBF64-3F52-4B84-93DD-81D5A72F6648}.Release|Any CPU.ActiveCfg = Release|Any CPU
		{E21EBF64-3F52-4B84-93DD-81D5A72F6648}.Release|Any CPU.Build.0 = Release|Any CPU
		{9537B2A8-2ADC-4F94-BDB4-1A46AD501D3B}.Debug|Any CPU.ActiveCfg = Debug|Any CPU
		{9537B2A8-2ADC-4F94-BDB4-1A46AD501D3B}.Debug|Any CPU.Build.0 = Debug|Any CPU
		{9537B2A8-2ADC-4F94-BDB4-1A46AD501D3B}.Release|Any CPU.ActiveCfg = Release|Any CPU
		{9537B2A8-2ADC-4F94-BDB4-1A46AD501D3B}.Release|Any CPU.Build.0 = Release|Any CPU
		{4A4BBD5E-B977-499A-AA30-2F7C6FB6DDED}.Debug|Any CPU.ActiveCfg = Debug|Any CPU
		{4A4BBD5E-B977-499A-AA30-2F7C6FB6DDED}.Debug|Any CPU.Build.0 = Debug|Any CPU
		{4A4BBD5E-B977-499A-AA30-2F7C6FB6DDED}.Release|Any CPU.ActiveCfg = Release|Any CPU
		{4A4BBD5E-B977-499A-AA30-2F7C6FB6DDED}.Release|Any CPU.Build.0 = Release|Any CPU
		{3DB416A2-3AEE-4982-A6D8-F7291523ED2A}.Debug|Any CPU.ActiveCfg = Debug|Any CPU
		{3DB416A2-3AEE-4982-A6D8-F7291523ED2A}.Debug|Any CPU.Build.0 = Debug|Any CPU
		{3DB416A2-3AEE-4982-A6D8-F7291523ED2A}.Release|Any CPU.ActiveCfg = Release|Any CPU
		{3DB416A2-3AEE-4982-A6D8-F7291523ED2A}.Release|Any CPU.Build.0 = Release|Any CPU
		{8FE3DF7D-3045-4030-B07C-A3D3E6C3EABA}.Debug|Any CPU.ActiveCfg = Debug|Any CPU
		{8FE3DF7D-3045-4030-B07C-A3D3E6C3EABA}.Debug|Any CPU.Build.0 = Debug|Any CPU
		{8FE3DF7D-3045-4030-B07C-A3D3E6C3EABA}.Release|Any CPU.ActiveCfg = Release|Any CPU
		{8FE3DF7D-3045-4030-B07C-A3D3E6C3EABA}.Release|Any CPU.Build.0 = Release|Any CPU
		{D736BAA2-C288-4D99-A681-683EE5BA87F9}.Debug|Any CPU.ActiveCfg = Debug|Any CPU
		{D736BAA2-C288-4D99-A681-683EE5BA87F9}.Debug|Any CPU.Build.0 = Debug|Any CPU
		{D736BAA2-C288-4D99-A681-683EE5BA87F9}.Release|Any CPU.ActiveCfg = Release|Any CPU
		{D736BAA2-C288-4D99-A681-683EE5BA87F9}.Release|Any CPU.Build.0 = Release|Any CPU
		{88A3034C-B900-4A40-84A4-9C6430EF7CFD}.Debug|Any CPU.ActiveCfg = Debug|Any CPU
		{88A3034C-B900-4A40-84A4-9C6430EF7CFD}.Debug|Any CPU.Build.0 = Debug|Any CPU
		{88A3034C-B900-4A40-84A4-9C6430EF7CFD}.Release|Any CPU.ActiveCfg = Release|Any CPU
		{88A3034C-B900-4A40-84A4-9C6430EF7CFD}.Release|Any CPU.Build.0 = Release|Any CPU
		{56D7D6FE-FEA2-4824-9CEB-7FBA18E854DE}.Debug|Any CPU.ActiveCfg = Debug|Any CPU
		{56D7D6FE-FEA2-4824-9CEB-7FBA18E854DE}.Debug|Any CPU.Build.0 = Debug|Any CPU
		{56D7D6FE-FEA2-4824-9CEB-7FBA18E854DE}.Release|Any CPU.ActiveCfg = Release|Any CPU
		{56D7D6FE-FEA2-4824-9CEB-7FBA18E854DE}.Release|Any CPU.Build.0 = Release|Any CPU
		{D3AEBC86-0165-48A8-9B3B-EDA00114F386}.Debug|Any CPU.ActiveCfg = Debug|Any CPU
		{D3AEBC86-0165-48A8-9B3B-EDA00114F386}.Debug|Any CPU.Build.0 = Debug|Any CPU
		{D3AEBC86-0165-48A8-9B3B-EDA00114F386}.Release|Any CPU.ActiveCfg = Release|Any CPU
		{D3AEBC86-0165-48A8-9B3B-EDA00114F386}.Release|Any CPU.Build.0 = Release|Any CPU
		
		
		
		
		{D5A9A353-09FD-4D40-BC1D-2FB5D306B67D}.Debug|Any CPU.ActiveCfg = Debug|Any CPU
		{D5A9A353-09FD-4D40-BC1D-2FB5D306B67D}.Debug|Any CPU.Build.0 = Debug|Any CPU
		{D5A9A353-09FD-4D40-BC1D-2FB5D306B67D}.Release|Any CPU.ActiveCfg = Release|Any CPU
		{D5A9A353-09FD-4D40-BC1D-2FB5D306B67D}.Release|Any CPU.Build.0 = Release|Any CPU
		{9D6DD944-727A-4390-AB77-4750EEFC260D}.Debug|Any CPU.ActiveCfg = Debug|Any CPU
		{9D6DD944-727A-4390-AB77-4750EEFC260D}.Debug|Any CPU.Build.0 = Debug|Any CPU
		{9D6DD944-727A-4390-AB77-4750EEFC260D}.Release|Any CPU.ActiveCfg = Release|Any CPU
		{9D6DD944-727A-4390-AB77-4750EEFC260D}.Release|Any CPU.Build.0 = Release|Any CPU
		{1452D330-4DE9-4455-9DB5-0F2D03E3E660}.Debug|Any CPU.ActiveCfg = Debug|Any CPU
		{1452D330-4DE9-4455-9DB5-0F2D03E3E660}.Debug|Any CPU.Build.0 = Debug|Any CPU
		{1452D330-4DE9-4455-9DB5-0F2D03E3E660}.Release|Any CPU.ActiveCfg = Release|Any CPU
		{1452D330-4DE9-4455-9DB5-0F2D03E3E660}.Release|Any CPU.Build.0 = Release|Any CPU
		{EED4D885-8F4E-4775-A9C2-E5424BA8B3DB}.Debug|Any CPU.ActiveCfg = Debug|Any CPU
		{EED4D885-8F4E-4775-A9C2-E5424BA8B3DB}.Debug|Any CPU.Build.0 = Debug|Any CPU
		{EED4D885-8F4E-4775-A9C2-E5424BA8B3DB}.Release|Any CPU.ActiveCfg = Release|Any CPU
		{EED4D885-8F4E-4775-A9C2-E5424BA8B3DB}.Release|Any CPU.Build.0 = Release|Any CPU
		{FA032692-9F5A-4D95-B79D-AF4D218938A2}.Debug|Any CPU.ActiveCfg = Debug|Any CPU
		{FA032692-9F5A-4D95-B79D-AF4D218938A2}.Debug|Any CPU.Build.0 = Debug|Any CPU
		{FA032692-9F5A-4D95-B79D-AF4D218938A2}.Release|Any CPU.ActiveCfg = Release|Any CPU
		{FA032692-9F5A-4D95-B79D-AF4D218938A2}.Release|Any CPU.Build.0 = Release|Any CPU
		{E122741D-7947-45E3-B8C0-831CD845AB34}.Debug|Any CPU.ActiveCfg = Debug|Any CPU
		{E122741D-7947-45E3-B8C0-831CD845AB34}.Debug|Any CPU.Build.0 = Debug|Any CPU
		{E122741D-7947-45E3-B8C0-831CD845AB34}.Release|Any CPU.ActiveCfg = Release|Any CPU
		{E122741D-7947-45E3-B8C0-831CD845AB34}.Release|Any CPU.Build.0 = Release|Any CPU
		{0823C00C-39CA-4E83-AC30-DAA47916D1F7}.Debug|Any CPU.ActiveCfg = Debug|Any CPU
		{0823C00C-39CA-4E83-AC30-DAA47916D1F7}.Debug|Any CPU.Build.0 = Debug|Any CPU
		{0823C00C-39CA-4E83-AC30-DAA47916D1F7}.Release|Any CPU.ActiveCfg = Release|Any CPU
		{0823C00C-39CA-4E83-AC30-DAA47916D1F7}.Release|Any CPU.Build.0 = Release|Any CPU
		{8DCB595E-4B26-4994-BEB8-6201B1AF5A1F}.Debug|Any CPU.ActiveCfg = Debug|Any CPU
		{8DCB595E-4B26-4994-BEB8-6201B1AF5A1F}.Debug|Any CPU.Build.0 = Debug|Any CPU
		{8DCB595E-4B26-4994-BEB8-6201B1AF5A1F}.Release|Any CPU.ActiveCfg = Release|Any CPU
		{8DCB595E-4B26-4994-BEB8-6201B1AF5A1F}.Release|Any CPU.Build.0 = Release|Any CPU
		{C4F52559-5E59-441D-8B88-948256D5F751}.Debug|Any CPU.ActiveCfg = Debug|Any CPU
		{C4F52559-5E59-441D-8B88-948256D5F751}.Debug|Any CPU.Build.0 = Debug|Any CPU
		{C4F52559-5E59-441D-8B88-948256D5F751}.Release|Any CPU.ActiveCfg = Release|Any CPU
		{C4F52559-5E59-441D-8B88-948256D5F751}.Release|Any CPU.Build.0 = Release|Any CPU
		{6D7D048F-B528-4F01-925F-D4B91BC51199}.Debug|Any CPU.ActiveCfg = Debug|Any CPU
		{6D7D048F-B528-4F01-925F-D4B91BC51199}.Debug|Any CPU.Build.0 = Debug|Any CPU
		{6D7D048F-B528-4F01-925F-D4B91BC51199}.Release|Any CPU.ActiveCfg = Release|Any CPU
		{6D7D048F-B528-4F01-925F-D4B91BC51199}.Release|Any CPU.Build.0 = Release|Any CPU
		{A61A316B-C6D6-429F-A70E-9830E15342B3}.Debug|Any CPU.ActiveCfg = Debug|Any CPU
		{A61A316B-C6D6-429F-A70E-9830E15342B3}.Debug|Any CPU.Build.0 = Debug|Any CPU
		{A61A316B-C6D6-429F-A70E-9830E15342B3}.Release|Any CPU.ActiveCfg = Release|Any CPU
		{A61A316B-C6D6-429F-A70E-9830E15342B3}.Release|Any CPU.Build.0 = Release|Any CPU
		{F3F78EEB-50D4-4DFF-8BBE-D83645D9A9C0}.Debug|Any CPU.ActiveCfg = Debug|Any CPU
		{F3F78EEB-50D4-4DFF-8BBE-D83645D9A9C0}.Debug|Any CPU.Build.0 = Debug|Any CPU
		{F3F78EEB-50D4-4DFF-8BBE-D83645D9A9C0}.Release|Any CPU.ActiveCfg = Release|Any CPU
		{F3F78EEB-50D4-4DFF-8BBE-D83645D9A9C0}.Release|Any CPU.Build.0 = Release|Any CPU
		{960D5D26-B410-428E-843E-306628BB39A1}.Debug|Any CPU.ActiveCfg = Debug|Any CPU
		{960D5D26-B410-428E-843E-306628BB39A1}.Debug|Any CPU.Build.0 = Debug|Any CPU
		{960D5D26-B410-428E-843E-306628BB39A1}.Release|Any CPU.ActiveCfg = Release|Any CPU
		{960D5D26-B410-428E-843E-306628BB39A1}.Release|Any CPU.Build.0 = Release|Any CPU
		{49061101-1AF0-4E76-AEC3-94B036EDE8D1}.Debug|Any CPU.ActiveCfg = Debug|Any CPU
		{49061101-1AF0-4E76-AEC3-94B036EDE8D1}.Debug|Any CPU.Build.0 = Debug|Any CPU
		{49061101-1AF0-4E76-AEC3-94B036EDE8D1}.Release|Any CPU.ActiveCfg = Release|Any CPU
		{49061101-1AF0-4E76-AEC3-94B036EDE8D1}.Release|Any CPU.Build.0 = Release|Any CPU
		{7B1424A6-C316-4EAD-B9EF-3178D534E43D}.Debug|Any CPU.ActiveCfg = Debug|Any CPU
		{7B1424A6-C316-4EAD-B9EF-3178D534E43D}.Debug|Any CPU.Build.0 = Debug|Any CPU
		{7B1424A6-C316-4EAD-B9EF-3178D534E43D}.Release|Any CPU.ActiveCfg = Release|Any CPU
		{7B1424A6-C316-4EAD-B9EF-3178D534E43D}.Release|Any CPU.Build.0 = Release|Any CPU
	EndGlobalSection
	GlobalSection(SolutionProperties) = preSolution
		HideSolutionNode = FALSE
	EndGlobalSection
	GlobalSection(ExtensibilityGlobals) = postSolution
		SolutionGuid = {D006DAFF-625A-4DA6-912F-10A1B367D038}
	EndGlobalSection
	GlobalSection(NestedProjects) = preSolution
		{DA72071A-BA1E-4C6A-A825-3D8EE7EC00D8} = {DB79462D-AEF6-48D6-8788-17DA43AAD91C}
		{D5F331F7-F22F-46C1-95D4-5B124898E72A} = {DB79462D-AEF6-48D6-8788-17DA43AAD91C}
		{F8C48722-A6B2-45B5-8A74-7E9227173BAB} = {DB79462D-AEF6-48D6-8788-17DA43AAD91C}
		{79BA7C2D-0F8F-44E4-9D38-844CF03FAF7B} = {DB79462D-AEF6-48D6-8788-17DA43AAD91C}
		{02AF35A4-2B24-4B66-8226-FB088E9B62FA} = {DB79462D-AEF6-48D6-8788-17DA43AAD91C}
		{4D1C73BC-412C-49C1-A1FD-C4901B30B412} = {DB79462D-AEF6-48D6-8788-17DA43AAD91C}
		{73BDD750-59B5-4A50-BCA9-2126829AF6E5} = {DB79462D-AEF6-48D6-8788-17DA43AAD91C}
		{B502D45F-8E86-414D-B23A-343661C4BD0A} = {DB79462D-AEF6-48D6-8788-17DA43AAD91C}
		{04B8EE9F-7305-4632-965E-3C89CB218980} = {DB79462D-AEF6-48D6-8788-17DA43AAD91C}
		{E21EBF64-3F52-4B84-93DD-81D5A72F6648} = {C4B55220-4DE9-4983-8CDE-521A747A3369}
		{9537B2A8-2ADC-4F94-BDB4-1A46AD501D3B} = {C4B55220-4DE9-4983-8CDE-521A747A3369}
		{4A4BBD5E-B977-499A-AA30-2F7C6FB6DDED} = {C4B55220-4DE9-4983-8CDE-521A747A3369}
		{3DB416A2-3AEE-4982-A6D8-F7291523ED2A} = {C4B55220-4DE9-4983-8CDE-521A747A3369}
		{8FE3DF7D-3045-4030-B07C-A3D3E6C3EABA} = {C4B55220-4DE9-4983-8CDE-521A747A3369}
		{D736BAA2-C288-4D99-A681-683EE5BA87F9} = {C4B55220-4DE9-4983-8CDE-521A747A3369}
		{88A3034C-B900-4A40-84A4-9C6430EF7CFD} = {C4B55220-4DE9-4983-8CDE-521A747A3369}
		{56D7D6FE-FEA2-4824-9CEB-7FBA18E854DE} = {C4B55220-4DE9-4983-8CDE-521A747A3369}
		{D3AEBC86-0165-48A8-9B3B-EDA00114F386} = {C4B55220-4DE9-4983-8CDE-521A747A3369}
		
		{D5A9A353-09FD-4D40-BC1D-2FB5D306B67D} = {2A2B2422-5636-4E84-8B73-B65745B4BAA7}
		{9D6DD944-727A-4390-AB77-4750EEFC260D} = {2A2B2422-5636-4E84-8B73-B65745B4BAA7}
		{1452D330-4DE9-4455-9DB5-0F2D03E3E660} = {2A2B2422-5636-4E84-8B73-B65745B4BAA7}
		{EED4D885-8F4E-4775-A9C2-E5424BA8B3DB} = {2A2B2422-5636-4E84-8B73-B65745B4BAA7}
		{FA032692-9F5A-4D95-B79D-AF4D218938A2} = {2A2B2422-5636-4E84-8B73-B65745B4BAA7}
		{E122741D-7947-45E3-B8C0-831CD845AB34} = {2A2B2422-5636-4E84-8B73-B65745B4BAA7}
		{0823C00C-39CA-4E83-AC30-DAA47916D1F7} = {2A2B2422-5636-4E84-8B73-B65745B4BAA7}
		{8DCB595E-4B26-4994-BEB8-6201B1AF5A1F} = {2A2B2422-5636-4E84-8B73-B65745B4BAA7}
		{C4F52559-5E59-441D-8B88-948256D5F751} = {2A2B2422-5636-4E84-8B73-B65745B4BAA7}
		{6D7D048F-B528-4F01-925F-D4B91BC51199} = {2A2B2422-5636-4E84-8B73-B65745B4BAA7}
		{A61A316B-C6D6-429F-A70E-9830E15342B3} = {2A2B2422-5636-4E84-8B73-B65745B4BAA7}
		{F3F78EEB-50D4-4DFF-8BBE-D83645D9A9C0} = {DB79462D-AEF6-48D6-8788-17DA43AAD91C}
		{960D5D26-B410-428E-843E-306628BB39A1} = {C4B55220-4DE9-4983-8CDE-521A747A3369}
		{49061101-1AF0-4E76-AEC3-94B036EDE8D1} = {2A2B2422-5636-4E84-8B73-B65745B4BAA7}
		{7B1424A6-C316-4EAD-B9EF-3178D534E43D} = {C4B55220-4DE9-4983-8CDE-521A747A3369}
	EndGlobalSection
EndGlobal
