
Microsoft Visual Studio Solution File, Format Version 12.00
# Visual Studio Version 16
VisualStudioVersion = 25.0.1706.7
MinimumVisualStudioVersion = 10.0.40219.1
Project("{2150E333-8FDC-42A3-9474-1A3956D46DE8}") = "Android", "Android", "{B4362557-A6DF-4FD4-AE4D-7E833D8219FB}"
EndProject
Project("{2150E333-8FDC-42A3-9474-1A3956D46DE8}") = "iOS", "iOS", "{EACAB90D-3A78-45F9-86D6-3D081056CD71}"
EndProject
Project("{2150E333-8FDC-42A3-9474-1A3956D46DE8}") = "MAUI", "MAUI", "{55AEC4BC-8040-42B5-B633-836B7A7AF4C3}"
EndProject

Project("{FAE04EC0-301F-11D3-BF4B-00C04F79EFBC}") = "BarcodeCaptureSimpleSample", "ios\01_Single_Scanning_Samples\02_Barcode_Scanning_with_Low_Level_API\BarcodeCaptureSimpleSample\BarcodeCaptureSimpleSample.csproj", "{869962D8-7AFB-4758-A434-ED14D2099021}"
EndProject
Project("{FAE04EC0-301F-11D3-BF4B-00C04F79EFBC}") = "BarcodeSelectionSimpleSample", "ios\01_Single_Scanning_Samples\02_Barcode_Scanning_with_Low_Level_API\BarcodeSelectionSimpleSample\BarcodeSelectionSimpleSample.csproj", "{EDE98B01-BD69-4C21-8E39-C8CA9978579D}"
EndProject
Project("{FAE04EC0-301F-11D3-BF4B-00C04F79EFBC}") = "IdCaptureExtendedSample", "ios\02_ID_Scanning_Samples\IdCaptureExtendedSample\IdCaptureExtendedSample.csproj", "{B831CEE2-3A5C-4EA7-A084-BC8EB59AC86C}"
EndProject
Project("{FAE04EC0-301F-11D3-BF4B-00C04F79EFBC}") = "IdCaptureSimpleSample", "ios\02_ID_Scanning_Samples\IdCaptureSimpleSample\IdCaptureSimpleSample.csproj", "{B63A5C1A-0FDF-474D-A4C9-3023F04FC9CE}"
EndProject
Project("{FAE04EC0-301F-11D3-BF4B-00C04F79EFBC}") = "ListBuildingSample", "ios\01_Single_Scanning_Samples\01_Barcode_Scanning_with_Pre_Built_UI\ListBuildingSample\ListBuildingSample.csproj", "{69237E5E-D98F-4ECE-86A4-4C17E4AD876C}"
EndProject
Project("{FAE04EC0-301F-11D3-BF4B-00C04F79EFBC}") = "MatrixScanBubblesSample", "ios\03_Advanced_Batch_Scanning_Samples\01_Batch_Scanning_and_AR_Info_Lookup\MatrixScanBubblesSample\MatrixScanBubblesSample.csproj", "{88D4DE22-5F52-4338-BB65-3992DCCE029C}"
EndProject
Project("{FAE04EC0-301F-11D3-BF4B-00C04F79EFBC}") = "MatrixScanCountSimpleSample", "ios\03_Advanced_Batch_Scanning_Samples\02_Counting_and_Receiving\MatrixScanCountSimpleSample\MatrixScanCountSimpleSample.csproj", "{B02DD655-8A1B-4AAF-91F3-5457AEF94D5A}"
EndProject
Project("{FAE04EC0-301F-11D3-BF4B-00C04F79EFBC}") = "MatrixScanRejectSample", "ios\03_Advanced_Batch_Scanning_Samples\01_Batch_Scanning_and_AR_Info_Lookup\MatrixScanRejectSample\MatrixScanRejectSample.csproj", "{24DD040B-EEE1-4CFC-A15B-A1FAC11F2E51}"
EndProject
Project("{FAE04EC0-301F-11D3-BF4B-00C04F79EFBC}") = "MatrixScanSimpleSample", "ios\03_Advanced_Batch_Scanning_Samples\01_Batch_Scanning_and_AR_Info_Lookup\MatrixScanSimpleSample\MatrixScanSimpleSample.csproj", "{DFF6D30F-E52E-42EE-AC45-F42C9B63B6C5}"
EndProject
Project("{FAE04EC0-301F-11D3-BF4B-00C04F79EFBC}") = "SearchAndFindSample", "ios\03_Advanced_Batch_Scanning_Samples\03_Search_and_Find\SearchAndFindSample\SearchAndFindSample.csproj", "{7D13C348-4E8E-4B73-9EE3-2F17EE880A04}"
EndProject

Project("{9344BDBB-3E7F-41FC-A0DD-8665D75EE146}") = "BarcodeCaptureSimpleSample", "android\01_Single_Scanning_Samples\02_Barcode_Scanning_with_Low_Level_API\BarcodeCaptureSimpleSample\BarcodeCaptureSimpleSample.csproj", "{F3D76B7F-0ACE-439D-8123-98ECA61EB658}"
EndProject
Project("{9344BDBB-3E7F-41FC-A0DD-8665D75EE146}") = "BarcodeSelectionSimpleSample", "android\01_Single_Scanning_Samples\02_Barcode_Scanning_with_Low_Level_API\BarcodeSelectionSimpleSample\BarcodeSelectionSimpleSample.csproj", "{659EB23A-AB6E-4E3B-A191-6217BC24D739}"
EndProject
Project("{9344BDBB-3E7F-41FC-A0DD-8665D75EE146}") = "IdCaptureExtendedSample", "android\02_ID_Scanning_Samples\IdCaptureExtendedSample\IdCaptureExtendedSample.csproj", "{36A52E8B-3D77-40F4-BA46-6007250E7168}"
EndProject
Project("{9344BDBB-3E7F-41FC-A0DD-8665D75EE146}") = "IdCaptureSimpleSample", "android\02_ID_Scanning_Samples\IdCaptureSimpleSample\IdCaptureSimpleSample.csproj", "{8897315C-4582-4B46-AD3F-A93235CB92A1}"
EndProject
Project("{9344BDBB-3E7F-41FC-A0DD-8665D75EE146}") = "ListBuildingSample", "android\01_Single_Scanning_Samples\01_Barcode_Scanning_with_Pre_Built_UI\ListBuildingSample\ListBuildingSample.csproj", "{0903284A-A55D-495C-A4E7-60F51E355A33}"
EndProject
Project("{9344BDBB-3E7F-41FC-A0DD-8665D75EE146}") = "MatrixScanBubblesSample", "android\03_Advanced_Batch_Scanning_Samples\01_Batch_Scanning_and_AR_Info_Lookup\MatrixScanBubblesSample\MatrixScanBubblesSample.csproj", "{CAD77431-9307-4170-80FB-7C71BEDCAF38}"
EndProject
Project("{9344BDBB-3E7F-41FC-A0DD-8665D75EE146}") = "MatrixScanCountSimpleSample", "android\03_Advanced_Batch_Scanning_Samples\02_Counting_and_Receiving\MatrixScanCountSimpleSample\MatrixScanCountSimpleSample.csproj", "{EBF5AB4F-D6A6-4916-9EF2-3C6715ABD5E2}"
EndProject
Project("{9344BDBB-3E7F-41FC-A0DD-8665D75EE146}") = "MatrixScanRejectSample", "android\03_Advanced_Batch_Scanning_Samples\01_Batch_Scanning_and_AR_Info_Lookup\MatrixScanRejectSample\MatrixScanRejectSample.csproj", "{86D76A24-7A4D-450C-AE7A-EA050EBC3984}"
EndProject
Project("{9344BDBB-3E7F-41FC-A0DD-8665D75EE146}") = "MatrixScanSimpleSample", "android\03_Advanced_Batch_Scanning_Samples\01_Batch_Scanning_and_AR_Info_Lookup\MatrixScanSimpleSample\MatrixScanSimpleSample.csproj", "{9B5DC1B8-F395-479C-9754-54EF50B49490}"
EndProject
Project("{9344BDBB-3E7F-41FC-A0DD-8665D75EE146}") = "SearchAndFindSample", "android\03_Advanced_Batch_Scanning_Samples\03_Search_and_Find\SearchAndFindSample\SearchAndFindSample.csproj", "{BBD21B50-BF76-4E98-9021-E9916BB260BB}"
EndProject

Project("{9344BDBB-3E7F-41FC-A0DD-8665D75EE146}") = "RestockingSample", "android\03_Advanced_Batch_Scanning_Samples\04_Picking\RestockingSample\RestockingSample.csproj", "{20F71310-11CA-43C8-9544-CD6D8EF51571}"
EndProject
Project("{FAE04EC0-301F-11D3-BF4B-00C04F79EFBC}") = "RestockingSample", "ios\03_Advanced_Batch_Scanning_Samples\04_Picking\RestockingSample\RestockingSample.csproj", "{711CB05A-F2FF-4429-93E9-133615D86AD2}"
EndProject

Project("{9344BDBB-3E7F-41FC-A0DD-8665D75EE146}") = "BarcodeCaptureSimpleSample", "maui\01_Single_Scanning_Samples\02_Barcode_Scanning_with_Low_Level_API\BarcodeCaptureSimpleSample\BarcodeCaptureSimpleSample.csproj", "{4D3E7825-CACF-44FD-82C4-7FD42A5809E8}"
EndProject
Project("{9344BDBB-3E7F-41FC-A0DD-8665D75EE146}") = "BarcodeSelectionSimpleSample", "maui\01_Single_Scanning_Samples\02_Barcode_Scanning_with_Low_Level_API\BarcodeSelectionSimpleSample\BarcodeSelectionSimpleSample.csproj", "{599CCC38-DA1A-4C33-84F0-0EA3F4B9E471}"
EndProject
Project("{9344BDBB-3E7F-41FC-A0DD-8665D75EE146}") = "GS1ParserSample", "maui\04_Parser_Samples\GS1ParserSample\GS1ParserSample.csproj", "{95CBDB48-48E7-4AEE-B1B1-3A92C8CCAFB2}"
EndProject
Project("{9344BDBB-3E7F-41FC-A0DD-8665D75EE146}") = "IdCaptureExtendedSample", "maui\02_ID_Scanning_Samples\IdCaptureExtendedSample\IdCaptureExtendedSample.csproj", "{D87859A6-29D2-4A1D-921D-6CFC9729B9AB}"
EndProject
Project("{9344BDBB-3E7F-41FC-A0DD-8665D75EE146}") = "IdCaptureSimpleSample", "maui\02_ID_Scanning_Samples\IdCaptureSimpleSample\IdCaptureSimpleSample.csproj", "{3C0D1FB4-20A5-4A74-B90B-C4078D546704}"
EndProject
Project("{9344BDBB-3E7F-41FC-A0DD-8665D75EE146}") = "ListBuildingSample", "maui\01_Single_Scanning_Samples\01_Barcode_Scanning_with_Pre_Built_UI\ListBuildingSample\ListBuildingSample.csproj", "{8E24C77D-9B9D-452D-AD7A-7A5C087DEEF1}"
EndProject
Project("{9344BDBB-3E7F-41FC-A0DD-8665D75EE146}") = "MatrixScanBubblesSample", "maui\03_Advanced_Batch_Scanning_Samples\01_Batch_Scanning_and_AR_Info_Lookup\MatrixScanBubblesSample\MatrixScanBubblesSample.csproj", "{5A569486-D1F4-4BAB-A96F-427C87E03D4F}"
EndProject
Project("{9344BDBB-3E7F-41FC-A0DD-8665D75EE146}") = "MatrixScanCountSimpleSample", "maui\03_Advanced_Batch_Scanning_Samples\02_Counting_and_Receiving\MatrixScanCountSimpleSample\MatrixScanCountSimpleSample.csproj", "{606D1A1C-DDD7-42B8-8832-3A7DA6FD7943}"
EndProject
Project("{9344BDBB-3E7F-41FC-A0DD-8665D75EE146}") = "MatrixScanSimpleSample", "maui\03_Advanced_Batch_Scanning_Samples\01_Batch_Scanning_and_AR_Info_Lookup\MatrixScanSimpleSample\MatrixScanSimpleSample.csproj", "{B44F8C0C-3322-4451-AF70-499335ACDF6A}"
EndProject
Project("{9344BDBB-3E7F-41FC-A0DD-8665D75EE146}") = "SearchAndFindSample", "maui\03_Advanced_Batch_Scanning_Samples\03_Search_and_Find\SearchAndFindSample\SearchAndFindSample.csproj", "{9E0F25E2-8A2A-4EFF-9A35-009BE782DA2F}"
EndProject
Project("{9344BDBB-3E7F-41FC-A0DD-8665D75EE146}") = "USDLVerificationSample", "maui\02_ID_Scanning_Samples\USDLVerificationSample\USDLVerificationSample.csproj", "{33CB9DCF-559F-4497-8EC7-2832DF2D8D75}"
EndProject
Project("{FAE04EC0-301F-11D3-BF4B-00C04F79EFBC}") = "RestockingSample", "maui\03_Advanced_Batch_Scanning_Samples\04_Picking\RestockingSample\RestockingSample.csproj", "{64C78EE3-73F9-46A9-BFBD-94862E8DE26A}"
EndProject
Global
	GlobalSection(SolutionConfigurationPlatforms) = preSolution
		Debug|Any CPU = Debug|Any CPU
		Release|Any CPU = Release|Any CPU
	EndGlobalSection
	GlobalSection(ProjectConfigurationPlatforms) = postSolution
		
		
		
		
		{869962D8-7AFB-4758-A434-ED14D2099021}.Debug|Any CPU.ActiveCfg = Debug|Any CPU
		{869962D8-7AFB-4758-A434-ED14D2099021}.Debug|Any CPU.Build.0 = Debug|Any CPU
		{869962D8-7AFB-4758-A434-ED14D2099021}.Release|Any CPU.ActiveCfg = Release|Any CPU
		{869962D8-7AFB-4758-A434-ED14D2099021}.Release|Any CPU.Build.0 = Release|Any CPU
		{EDE98B01-BD69-4C21-8E39-C8CA9978579D}.Debug|Any CPU.ActiveCfg = Debug|Any CPU
		{EDE98B01-BD69-4C21-8E39-C8CA9978579D}.Debug|Any CPU.Build.0 = Debug|Any CPU
		{EDE98B01-BD69-4C21-8E39-C8CA9978579D}.Release|Any CPU.ActiveCfg = Release|Any CPU
		{EDE98B01-BD69-4C21-8E39-C8CA9978579D}.Release|Any CPU.Build.0 = Release|Any CPU
		{B831CEE2-3A5C-4EA7-A084-BC8EB59AC86C}.Debug|Any CPU.ActiveCfg = Debug|Any CPU
		{B831CEE2-3A5C-4EA7-A084-BC8EB59AC86C}.Debug|Any CPU.Build.0 = Debug|Any CPU
		{B831CEE2-3A5C-4EA7-A084-BC8EB59AC86C}.Release|Any CPU.ActiveCfg = Release|Any CPU
		{B831CEE2-3A5C-4EA7-A084-BC8EB59AC86C}.Release|Any CPU.Build.0 = Release|Any CPU
		{B63A5C1A-0FDF-474D-A4C9-3023F04FC9CE}.Debug|Any CPU.ActiveCfg = Debug|Any CPU
		{B63A5C1A-0FDF-474D-A4C9-3023F04FC9CE}.Debug|Any CPU.Build.0 = Debug|Any CPU
		{B63A5C1A-0FDF-474D-A4C9-3023F04FC9CE}.Release|Any CPU.ActiveCfg = Release|Any CPU
		{B63A5C1A-0FDF-474D-A4C9-3023F04FC9CE}.Release|Any CPU.Build.0 = Release|Any CPU
		{69237E5E-D98F-4ECE-86A4-4C17E4AD876C}.Debug|Any CPU.ActiveCfg = Debug|Any CPU
		{69237E5E-D98F-4ECE-86A4-4C17E4AD876C}.Debug|Any CPU.Build.0 = Debug|Any CPU
		{69237E5E-D98F-4ECE-86A4-4C17E4AD876C}.Release|Any CPU.ActiveCfg = Release|Any CPU
		{69237E5E-D98F-4ECE-86A4-4C17E4AD876C}.Release|Any CPU.Build.0 = Release|Any CPU
		{88D4DE22-5F52-4338-BB65-3992DCCE029C}.Debug|Any CPU.ActiveCfg = Debug|Any CPU
		{88D4DE22-5F52-4338-BB65-3992DCCE029C}.Debug|Any CPU.Build.0 = Debug|Any CPU
		{88D4DE22-5F52-4338-BB65-3992DCCE029C}.Release|Any CPU.ActiveCfg = Release|Any CPU
		{88D4DE22-5F52-4338-BB65-3992DCCE029C}.Release|Any CPU.Build.0 = Release|Any CPU
		{B02DD655-8A1B-4AAF-91F3-5457AEF94D5A}.Debug|Any CPU.ActiveCfg = Debug|Any CPU
		{B02DD655-8A1B-4AAF-91F3-5457AEF94D5A}.Debug|Any CPU.Build.0 = Debug|Any CPU
		{B02DD655-8A1B-4AAF-91F3-5457AEF94D5A}.Release|Any CPU.ActiveCfg = Release|Any CPU
		{B02DD655-8A1B-4AAF-91F3-5457AEF94D5A}.Release|Any CPU.Build.0 = Release|Any CPU
		{24DD040B-EEE1-4CFC-A15B-A1FAC11F2E51}.Debug|Any CPU.ActiveCfg = Debug|Any CPU
		{24DD040B-EEE1-4CFC-A15B-A1FAC11F2E51}.Debug|Any CPU.Build.0 = Debug|Any CPU
		{24DD040B-EEE1-4CFC-A15B-A1FAC11F2E51}.Release|Any CPU.ActiveCfg = Release|Any CPU
		{24DD040B-EEE1-4CFC-A15B-A1FAC11F2E51}.Release|Any CPU.Build.0 = Release|Any CPU
		{DFF6D30F-E52E-42EE-AC45-F42C9B63B6C5}.Debug|Any CPU.ActiveCfg = Debug|Any CPU
		{DFF6D30F-E52E-42EE-AC45-F42C9B63B6C5}.Debug|Any CPU.Build.0 = Debug|Any CPU
		{DFF6D30F-E52E-42EE-AC45-F42C9B63B6C5}.Release|Any CPU.ActiveCfg = Release|Any CPU
		{DFF6D30F-E52E-42EE-AC45-F42C9B63B6C5}.Release|Any CPU.Build.0 = Release|Any CPU
		{7D13C348-4E8E-4B73-9EE3-2F17EE880A04}.Debug|Any CPU.ActiveCfg = Debug|Any CPU
		{7D13C348-4E8E-4B73-9EE3-2F17EE880A04}.Debug|Any CPU.Build.0 = Debug|Any CPU
		{7D13C348-4E8E-4B73-9EE3-2F17EE880A04}.Release|Any CPU.ActiveCfg = Release|Any CPU
		{7D13C348-4E8E-4B73-9EE3-2F17EE880A04}.Release|Any CPU.Build.0 = Release|Any CPU
		
		
		
		
		{F3D76B7F-0ACE-439D-8123-98ECA61EB658}.Debug|Any CPU.ActiveCfg = Debug|Any CPU
		{F3D76B7F-0ACE-439D-8123-98ECA61EB658}.Debug|Any CPU.Build.0 = Debug|Any CPU
		{F3D76B7F-0ACE-439D-8123-98ECA61EB658}.Release|Any CPU.ActiveCfg = Release|Any CPU
		{F3D76B7F-0ACE-439D-8123-98ECA61EB658}.Release|Any CPU.Build.0 = Release|Any CPU
		{659EB23A-AB6E-4E3B-A191-6217BC24D739}.Debug|Any CPU.ActiveCfg = Debug|Any CPU
		{659EB23A-AB6E-4E3B-A191-6217BC24D739}.Debug|Any CPU.Build.0 = Debug|Any CPU
		{659EB23A-AB6E-4E3B-A191-6217BC24D739}.Release|Any CPU.ActiveCfg = Release|Any CPU
		{659EB23A-AB6E-4E3B-A191-6217BC24D739}.Release|Any CPU.Build.0 = Release|Any CPU
		{36A52E8B-3D77-40F4-BA46-6007250E7168}.Debug|Any CPU.ActiveCfg = Debug|Any CPU
		{36A52E8B-3D77-40F4-BA46-6007250E7168}.Debug|Any CPU.Build.0 = Debug|Any CPU
		{36A52E8B-3D77-40F4-BA46-6007250E7168}.Release|Any CPU.ActiveCfg = Release|Any CPU
		{36A52E8B-3D77-40F4-BA46-6007250E7168}.Release|Any CPU.Build.0 = Release|Any CPU
		{8897315C-4582-4B46-AD3F-A93235CB92A1}.Debug|Any CPU.ActiveCfg = Debug|Any CPU
		{8897315C-4582-4B46-AD3F-A93235CB92A1}.Debug|Any CPU.Build.0 = Debug|Any CPU
		{8897315C-4582-4B46-AD3F-A93235CB92A1}.Release|Any CPU.ActiveCfg = Release|Any CPU
		{8897315C-4582-4B46-AD3F-A93235CB92A1}.Release|Any CPU.Build.0 = Release|Any CPU
		{0903284A-A55D-495C-A4E7-60F51E355A33}.Debug|Any CPU.ActiveCfg = Debug|Any CPU
		{0903284A-A55D-495C-A4E7-60F51E355A33}.Debug|Any CPU.Build.0 = Debug|Any CPU
		{0903284A-A55D-495C-A4E7-60F51E355A33}.Release|Any CPU.ActiveCfg = Release|Any CPU
		{0903284A-A55D-495C-A4E7-60F51E355A33}.Release|Any CPU.Build.0 = Release|Any CPU
		{CAD77431-9307-4170-80FB-7C71BEDCAF38}.Debug|Any CPU.ActiveCfg = Debug|Any CPU
		{CAD77431-9307-4170-80FB-7C71BEDCAF38}.Debug|Any CPU.Build.0 = Debug|Any CPU
		{CAD77431-9307-4170-80FB-7C71BEDCAF38}.Release|Any CPU.ActiveCfg = Release|Any CPU
		{CAD77431-9307-4170-80FB-7C71BEDCAF38}.Release|Any CPU.Build.0 = Release|Any CPU
		{EBF5AB4F-D6A6-4916-9EF2-3C6715ABD5E2}.Debug|Any CPU.ActiveCfg = Debug|Any CPU
		{EBF5AB4F-D6A6-4916-9EF2-3C6715ABD5E2}.Debug|Any CPU.Build.0 = Debug|Any CPU
		{EBF5AB4F-D6A6-4916-9EF2-3C6715ABD5E2}.Release|Any CPU.ActiveCfg = Release|Any CPU
		{EBF5AB4F-D6A6-4916-9EF2-3C6715ABD5E2}.Release|Any CPU.Build.0 = Release|Any CPU
		{86D76A24-7A4D-450C-AE7A-EA050EBC3984}.Debug|Any CPU.ActiveCfg = Debug|Any CPU
		{86D76A24-7A4D-450C-AE7A-EA050EBC3984}.Debug|Any CPU.Build.0 = Debug|Any CPU
		{86D76A24-7A4D-450C-AE7A-EA050EBC3984}.Release|Any CPU.ActiveCfg = Release|Any CPU
		{86D76A24-7A4D-450C-AE7A-EA050EBC3984}.Release|Any CPU.Build.0 = Release|Any CPU
		{9B5DC1B8-F395-479C-9754-54EF50B49490}.Debug|Any CPU.ActiveCfg = Debug|Any CPU
		{9B5DC1B8-F395-479C-9754-54EF50B49490}.Debug|Any CPU.Build.0 = Debug|Any CPU
		{9B5DC1B8-F395-479C-9754-54EF50B49490}.Release|Any CPU.ActiveCfg = Release|Any CPU
		{9B5DC1B8-F395-479C-9754-54EF50B49490}.Release|Any CPU.Build.0 = Release|Any CPU
		{BBD21B50-BF76-4E98-9021-E9916BB260BB}.Debug|Any CPU.ActiveCfg = Debug|Any CPU
		{BBD21B50-BF76-4E98-9021-E9916BB260BB}.Debug|Any CPU.Build.0 = Debug|Any CPU
		{BBD21B50-BF76-4E98-9021-E9916BB260BB}.Release|Any CPU.ActiveCfg = Release|Any CPU
		{BBD21B50-BF76-4E98-9021-E9916BB260BB}.Release|Any CPU.Build.0 = Release|Any CPU
		
		
		
		
		{20F71310-11CA-43C8-9544-CD6D8EF51571}.Debug|Any CPU.ActiveCfg = Debug|Any CPU
		{20F71310-11CA-43C8-9544-CD6D8EF51571}.Debug|Any CPU.Build.0 = Debug|Any CPU
		{20F71310-11CA-43C8-9544-CD6D8EF51571}.Release|Any CPU.ActiveCfg = Release|Any CPU
		{20F71310-11CA-43C8-9544-CD6D8EF51571}.Release|Any CPU.Build.0 = Release|Any CPU
		{711CB05A-F2FF-4429-93E9-133615D86AD2}.Debug|Any CPU.ActiveCfg = Debug|Any CPU
		{711CB05A-F2FF-4429-93E9-133615D86AD2}.Debug|Any CPU.Build.0 = Debug|Any CPU
		{711CB05A-F2FF-4429-93E9-133615D86AD2}.Release|Any CPU.ActiveCfg = Release|Any CPU
		{711CB05A-F2FF-4429-93E9-133615D86AD2}.Release|Any CPU.Build.0 = Release|Any CPU
		
		
		
		
		{4D3E7825-CACF-44FD-82C4-7FD42A5809E8}.Debug|Any CPU.ActiveCfg = Debug|Any CPU
		{4D3E7825-CACF-44FD-82C4-7FD42A5809E8}.Debug|Any CPU.Build.0 = Debug|Any CPU
		{4D3E7825-CACF-44FD-82C4-7FD42A5809E8}.Release|Any CPU.ActiveCfg = Release|Any CPU
		{4D3E7825-CACF-44FD-82C4-7FD42A5809E8}.Release|Any CPU.Build.0 = Release|Any CPU
		{599CCC38-DA1A-4C33-84F0-0EA3F4B9E471}.Debug|Any CPU.ActiveCfg = Debug|Any CPU
		{599CCC38-DA1A-4C33-84F0-0EA3F4B9E471}.Debug|Any CPU.Build.0 = Debug|Any CPU
		{599CCC38-DA1A-4C33-84F0-0EA3F4B9E471}.Release|Any CPU.ActiveCfg = Release|Any CPU
		{599CCC38-DA1A-4C33-84F0-0EA3F4B9E471}.Release|Any CPU.Build.0 = Release|Any CPU
		{95CBDB48-48E7-4AEE-B1B1-3A92C8CCAFB2}.Debug|Any CPU.ActiveCfg = Debug|Any CPU
		{95CBDB48-48E7-4AEE-B1B1-3A92C8CCAFB2}.Debug|Any CPU.Build.0 = Debug|Any CPU
		{95CBDB48-48E7-4AEE-B1B1-3A92C8CCAFB2}.Release|Any CPU.ActiveCfg = Release|Any CPU
		{95CBDB48-48E7-4AEE-B1B1-3A92C8CCAFB2}.Release|Any CPU.Build.0 = Release|Any CPU
		{D87859A6-29D2-4A1D-921D-6CFC9729B9AB}.Debug|Any CPU.ActiveCfg = Debug|Any CPU
		{D87859A6-29D2-4A1D-921D-6CFC9729B9AB}.Debug|Any CPU.Build.0 = Debug|Any CPU
		{D87859A6-29D2-4A1D-921D-6CFC9729B9AB}.Release|Any CPU.ActiveCfg = Release|Any CPU
		{D87859A6-29D2-4A1D-921D-6CFC9729B9AB}.Release|Any CPU.Build.0 = Release|Any CPU
		{3C0D1FB4-20A5-4A74-B90B-C4078D546704}.Debug|Any CPU.ActiveCfg = Debug|Any CPU
		{3C0D1FB4-20A5-4A74-B90B-C4078D546704}.Debug|Any CPU.Build.0 = Debug|Any CPU
		{3C0D1FB4-20A5-4A74-B90B-C4078D546704}.Release|Any CPU.ActiveCfg = Release|Any CPU
		{3C0D1FB4-20A5-4A74-B90B-C4078D546704}.Release|Any CPU.Build.0 = Release|Any CPU
		{8E24C77D-9B9D-452D-AD7A-7A5C087DEEF1}.Debug|Any CPU.ActiveCfg = Debug|Any CPU
		{8E24C77D-9B9D-452D-AD7A-7A5C087DEEF1}.Debug|Any CPU.Build.0 = Debug|Any CPU
		{8E24C77D-9B9D-452D-AD7A-7A5C087DEEF1}.Release|Any CPU.ActiveCfg = Release|Any CPU
		{8E24C77D-9B9D-452D-AD7A-7A5C087DEEF1}.Release|Any CPU.Build.0 = Release|Any CPU
		{5A569486-D1F4-4BAB-A96F-427C87E03D4F}.Debug|Any CPU.ActiveCfg = Debug|Any CPU
		{5A569486-D1F4-4BAB-A96F-427C87E03D4F}.Debug|Any CPU.Build.0 = Debug|Any CPU
		{5A569486-D1F4-4BAB-A96F-427C87E03D4F}.Release|Any CPU.ActiveCfg = Release|Any CPU
		{5A569486-D1F4-4BAB-A96F-427C87E03D4F}.Release|Any CPU.Build.0 = Release|Any CPU
		{606D1A1C-DDD7-42B8-8832-3A7DA6FD7943}.Debug|Any CPU.ActiveCfg = Debug|Any CPU
		{606D1A1C-DDD7-42B8-8832-3A7DA6FD7943}.Debug|Any CPU.Build.0 = Debug|Any CPU
		{606D1A1C-DDD7-42B8-8832-3A7DA6FD7943}.Release|Any CPU.ActiveCfg = Release|Any CPU
		{606D1A1C-DDD7-42B8-8832-3A7DA6FD7943}.Release|Any CPU.Build.0 = Release|Any CPU
		{B44F8C0C-3322-4451-AF70-499335ACDF6A}.Debug|Any CPU.ActiveCfg = Debug|Any CPU
		{B44F8C0C-3322-4451-AF70-499335ACDF6A}.Debug|Any CPU.Build.0 = Debug|Any CPU
		{B44F8C0C-3322-4451-AF70-499335ACDF6A}.Release|Any CPU.ActiveCfg = Release|Any CPU
		{B44F8C0C-3322-4451-AF70-499335ACDF6A}.Release|Any CPU.Build.0 = Release|Any CPU
		{9E0F25E2-8A2A-4EFF-9A35-009BE782DA2F}.Debug|Any CPU.ActiveCfg = Debug|Any CPU
		{9E0F25E2-8A2A-4EFF-9A35-009BE782DA2F}.Debug|Any CPU.Build.0 = Debug|Any CPU
		{9E0F25E2-8A2A-4EFF-9A35-009BE782DA2F}.Release|Any CPU.ActiveCfg = Release|Any CPU
		{9E0F25E2-8A2A-4EFF-9A35-009BE782DA2F}.Release|Any CPU.Build.0 = Release|Any CPU
		{33CB9DCF-559F-4497-8EC7-2832DF2D8D75}.Debug|Any CPU.ActiveCfg = Debug|Any CPU
		{33CB9DCF-559F-4497-8EC7-2832DF2D8D75}.Debug|Any CPU.Build.0 = Debug|Any CPU
		{33CB9DCF-559F-4497-8EC7-2832DF2D8D75}.Release|Any CPU.ActiveCfg = Release|Any CPU
		{33CB9DCF-559F-4497-8EC7-2832DF2D8D75}.Release|Any CPU.Build.0 = Release|Any CPU
		{64C78EE3-73F9-46A9-BFBD-94862E8DE26A}.Debug|Any CPU.ActiveCfg = Debug|Any CPU
		{64C78EE3-73F9-46A9-BFBD-94862E8DE26A}.Debug|Any CPU.Build.0 = Debug|Any CPU
		{64C78EE3-73F9-46A9-BFBD-94862E8DE26A}.Release|Any CPU.ActiveCfg = Release|Any CPU
		{64C78EE3-73F9-46A9-BFBD-94862E8DE26A}.Release|Any CPU.Build.0 = Release|Any CPU
	EndGlobalSection
	GlobalSection(SolutionProperties) = preSolution
		HideSolutionNode = FALSE
	EndGlobalSection
	GlobalSection(NestedProjects) = preSolution
		
		{869962D8-7AFB-4758-A434-ED14D2099021} = {EACAB90D-3A78-45F9-86D6-3D081056CD71}
		{EDE98B01-BD69-4C21-8E39-C8CA9978579D} = {EACAB90D-3A78-45F9-86D6-3D081056CD71}
		{B831CEE2-3A5C-4EA7-A084-BC8EB59AC86C} = {EACAB90D-3A78-45F9-86D6-3D081056CD71}
		{B63A5C1A-0FDF-474D-A4C9-3023F04FC9CE} = {EACAB90D-3A78-45F9-86D6-3D081056CD71}
		{69237E5E-D98F-4ECE-86A4-4C17E4AD876C} = {EACAB90D-3A78-45F9-86D6-3D081056CD71}
		{88D4DE22-5F52-4338-BB65-3992DCCE029C} = {EACAB90D-3A78-45F9-86D6-3D081056CD71}
		{B02DD655-8A1B-4AAF-91F3-5457AEF94D5A} = {EACAB90D-3A78-45F9-86D6-3D081056CD71}
		{24DD040B-EEE1-4CFC-A15B-A1FAC11F2E51} = {EACAB90D-3A78-45F9-86D6-3D081056CD71}
		{DFF6D30F-E52E-42EE-AC45-F42C9B63B6C5} = {EACAB90D-3A78-45F9-86D6-3D081056CD71}
		{7D13C348-4E8E-4B73-9EE3-2F17EE880A04} = {EACAB90D-3A78-45F9-86D6-3D081056CD71}
		
		{F3D76B7F-0ACE-439D-8123-98ECA61EB658} = {B4362557-A6DF-4FD4-AE4D-7E833D8219FB}
		{659EB23A-AB6E-4E3B-A191-6217BC24D739} = {B4362557-A6DF-4FD4-AE4D-7E833D8219FB}
		{36A52E8B-3D77-40F4-BA46-6007250E7168} = {B4362557-A6DF-4FD4-AE4D-7E833D8219FB}
		{8897315C-4582-4B46-AD3F-A93235CB92A1} = {B4362557-A6DF-4FD4-AE4D-7E833D8219FB}
		{0903284A-A55D-495C-A4E7-60F51E355A33} = {B4362557-A6DF-4FD4-AE4D-7E833D8219FB}
		{CAD77431-9307-4170-80FB-7C71BEDCAF38} = {B4362557-A6DF-4FD4-AE4D-7E833D8219FB}
		{EBF5AB4F-D6A6-4916-9EF2-3C6715ABD5E2} = {B4362557-A6DF-4FD4-AE4D-7E833D8219FB}
		{86D76A24-7A4D-450C-AE7A-EA050EBC3984} = {B4362557-A6DF-4FD4-AE4D-7E833D8219FB}
		{9B5DC1B8-F395-479C-9754-54EF50B49490} = {B4362557-A6DF-4FD4-AE4D-7E833D8219FB}
		{BBD21B50-BF76-4E98-9021-E9916BB260BB} = {B4362557-A6DF-4FD4-AE4D-7E833D8219FB}
		
		{20F71310-11CA-43C8-9544-CD6D8EF51571} = {B4362557-A6DF-4FD4-AE4D-7E833D8219FB}
		{711CB05A-F2FF-4429-93E9-133615D86AD2} = {EACAB90D-3A78-45F9-86D6-3D081056CD71}
		
		{4D3E7825-CACF-44FD-82C4-7FD42A5809E8} = {55AEC4BC-8040-42B5-B633-836B7A7AF4C3}
		{599CCC38-DA1A-4C33-84F0-0EA3F4B9E471} = {55AEC4BC-8040-42B5-B633-836B7A7AF4C3}
		{95CBDB48-48E7-4AEE-B1B1-3A92C8CCAFB2} = {55AEC4BC-8040-42B5-B633-836B7A7AF4C3}
		{D87859A6-29D2-4A1D-921D-6CFC9729B9AB} = {55AEC4BC-8040-42B5-B633-836B7A7AF4C3}
		{3C0D1FB4-20A5-4A74-B90B-C4078D546704} = {55AEC4BC-8040-42B5-B633-836B7A7AF4C3}
		{8E24C77D-9B9D-452D-AD7A-7A5C087DEEF1} = {55AEC4BC-8040-42B5-B633-836B7A7AF4C3}
		{5A569486-D1F4-4BAB-A96F-427C87E03D4F} = {55AEC4BC-8040-42B5-B633-836B7A7AF4C3}
		{606D1A1C-DDD7-42B8-8832-3A7DA6FD7943} = {55AEC4BC-8040-42B5-B633-836B7A7AF4C3}
		{B44F8C0C-3322-4451-AF70-499335ACDF6A} = {55AEC4BC-8040-42B5-B633-836B7A7AF4C3}
		{9E0F25E2-8A2A-4EFF-9A35-009BE782DA2F} = {55AEC4BC-8040-42B5-B633-836B7A7AF4C3}
		{33CB9DCF-559F-4497-8EC7-2832DF2D8D75} = {55AEC4BC-8040-42B5-B633-836B7A7AF4C3}
		{64C78EE3-73F9-46A9-BFBD-94862E8DE26A} = {55AEC4BC-8040-42B5-B633-836B7A7AF4C3}
	EndGlobalSection
	GlobalSection(ExtensibilityGlobals) = postSolution
		SolutionGuid = {8210E346-571A-4093-B84D-F86DAC98612F}
	EndGlobalSection
EndGlobal
